
Microsoft Visual Studio Solution File, Format Version 12.00
# Visual Studio Version 17
VisualStudioVersion = 17.0.31903.59
MinimumVisualStudioVersion = 10.0.40219.1
Project("{2150E333-8FDC-42A3-9474-1A3956D46DE8}") = "src", "src", "{827E0CD3-B72D-47B6-A68D-7590B98EB39B}"
EndProject
Project("{2150E333-8FDC-42A3-9474-1A3956D46DE8}") = "Battle", "Battle", "{B4799E35-1392-3D19-B093-1D8B3AEA364E}"
EndProject
Project("{FAE04EC0-301F-11D3-BF4B-00C04F79EFBC}") = "Kombats.Battle.Api", "src\Kombats.Battle\Kombats.Battle.Api\Kombats.Battle.Api.csproj", "{C77F2F07-1300-4A9A-A079-28614C14694E}"
EndProject
Project("{FAE04EC0-301F-11D3-BF4B-00C04F79EFBC}") = "Kombats.Battle.Application", "src\Kombats.Battle\Kombats.Battle.Application\Kombats.Battle.Application.csproj", "{F8B0FD41-D05B-42F5-B61A-80A6001B779D}"
EndProject
Project("{FAE04EC0-301F-11D3-BF4B-00C04F79EFBC}") = "Kombats.Battle.Domain", "src\Kombats.Battle\Kombats.Battle.Domain\Kombats.Battle.Domain.csproj", "{626F1982-241B-408A-967A-C8E57BEA0247}"
EndProject
Project("{FAE04EC0-301F-11D3-BF4B-00C04F79EFBC}") = "Kombats.Battle.Infrastructure", "src\Kombats.Battle\Kombats.Battle.Infrastructure\Kombats.Battle.Infrastructure.csproj", "{01B404FD-8FE3-430C-9A6E-B71D5652D367}"
EndProject
Project("{FAE04EC0-301F-11D3-BF4B-00C04F79EFBC}") = "Kombats.Battle.Realtime.Contracts", "src\Kombats.Battle\Kombats.Battle.Realtime.Contracts\Kombats.Battle.Realtime.Contracts.csproj", "{3ACD26AC-3B0F-4426-A48C-D72FC0EA500F}"
EndProject
Project("{FAE04EC0-301F-11D3-BF4B-00C04F79EFBC}") = "Kombats.Battle.Contracts", "src\Kombats.Battle\Kombats.Battle.Contracts\Kombats.Battle.Contracts.csproj", "{BC00E29B-BDF2-402B-92F0-D94839F01570}"
EndProject
Project("{2150E333-8FDC-42A3-9474-1A3956D46DE8}") = "Matchmaking", "Matchmaking", "{C2EE3737-5142-B956-9C20-CDFF4F1D482D}"
EndProject
Project("{FAE04EC0-301F-11D3-BF4B-00C04F79EFBC}") = "Kombats.Matchmaking.Api", "src\Kombats.Matchmaking\Kombats.Matchmaking.Api\Kombats.Matchmaking.Api.csproj", "{A2341330-3827-41D0-8F50-A3FACA7CEEFE}"
EndProject
Project("{FAE04EC0-301F-11D3-BF4B-00C04F79EFBC}") = "Kombats.Matchmaking.Application", "src\Kombats.Matchmaking\Kombats.Matchmaking.Application\Kombats.Matchmaking.Application.csproj", "{B8A3E922-9FAA-4FD4-B5C6-37BE477DCEB2}"
EndProject
Project("{FAE04EC0-301F-11D3-BF4B-00C04F79EFBC}") = "Kombats.Matchmaking.Domain", "src\Kombats.Matchmaking\Kombats.Matchmaking.Domain\Kombats.Matchmaking.Domain.csproj", "{8791A4F4-2477-4DC5-9289-130583585584}"
EndProject
Project("{FAE04EC0-301F-11D3-BF4B-00C04F79EFBC}") = "Kombats.Matchmaking.Infrastructure", "src\Kombats.Matchmaking\Kombats.Matchmaking.Infrastructure\Kombats.Matchmaking.Infrastructure.csproj", "{6CF3CE1A-483E-44F3-9332-A3CAFBA23675}"
EndProject
Project("{FAE04EC0-301F-11D3-BF4B-00C04F79EFBC}") = "Kombats.Matchmaking.Contracts", "src\Kombats.Matchmaking\Kombats.Matchmaking.Contracts\Kombats.Matchmaking.Contracts.csproj", "{BE5078E1-D319-483C-A992-0B9BBEAA5DDF}"
EndProject
Project("{2150E333-8FDC-42A3-9474-1A3956D46DE8}") = "Players", "Players", "{CF662D34-7A3E-D6E1-D145-FC0020051A4D}"
EndProject
Project("{FAE04EC0-301F-11D3-BF4B-00C04F79EFBC}") = "Kombats.Players.Api", "src\Kombats.Players\Kombats.Players.Api\Kombats.Players.Api.csproj", "{95A98C3A-7E25-4408-A492-6BF3FAB4A69D}"
EndProject
Project("{FAE04EC0-301F-11D3-BF4B-00C04F79EFBC}") = "Kombats.Players.Application", "src\Kombats.Players\Kombats.Players.Application\Kombats.Players.Application.csproj", "{2180359A-3056-44E5-BDE4-C1E93D173B05}"
EndProject
Project("{FAE04EC0-301F-11D3-BF4B-00C04F79EFBC}") = "Kombats.Players.Domain", "src\Kombats.Players\Kombats.Players.Domain\Kombats.Players.Domain.csproj", "{4FFB7F19-DC6A-4C1D-8C99-421548257A5B}"
EndProject
Project("{FAE04EC0-301F-11D3-BF4B-00C04F79EFBC}") = "Kombats.Players.Infrastructure", "src\Kombats.Players\Kombats.Players.Infrastructure\Kombats.Players.Infrastructure.csproj", "{AB4A569E-647E-41FB-B2AB-B93AA0F4BCAC}"
EndProject
Project("{2150E333-8FDC-42A3-9474-1A3956D46DE8}") = "Common", "Common", "{BFF2DF6E-AA54-47C7-211F-79ACCBB4577C}"
EndProject
Project("{FAE04EC0-301F-11D3-BF4B-00C04F79EFBC}") = "Kombats.Messaging", "src\Kombats.Common\Kombats.Messaging\Kombats.Messaging.csproj", "{2E7118AD-27D6-486C-8017-9B2D6EAE609B}"
EndProject
Project("{FAE04EC0-301F-11D3-BF4B-00C04F79EFBC}") = "Kombats.Players.Contracts", "src\Kombats.Players\Kombats.Players.Contracts\Kombats.Players.Contracts.csproj", "{E0D98622-1880-4376-B6A3-4339399C3722}"
EndProject
Project("{FAE04EC0-301F-11D3-BF4B-00C04F79EFBC}") = "Kombats.Abstractions", "src\Kombats.Common\Kombats.Abstractions\Kombats.Abstractions.csproj", "{1D4EBB90-25EC-4A41-B340-72A67C2ACE5B}"
EndProject
Project("{2150E333-8FDC-42A3-9474-1A3956D46DE8}") = "tests", "tests", "{0AB3BF05-4346-4AA6-1389-037BE0695223}"
EndProject
Project("{2150E333-8FDC-42A3-9474-1A3956D46DE8}") = "Players", "Players", "{B59AE489-0DCC-2FDB-02B0-0D6E4D342873}"
EndProject
Project("{FAE04EC0-301F-11D3-BF4B-00C04F79EFBC}") = "Kombats.Players.Domain.Tests", "tests\Kombats.Players\Kombats.Players.Domain.Tests\Kombats.Players.Domain.Tests.csproj", "{7A5BB9D2-2162-4694-8273-F126664EBAF9}"
EndProject
Project("{FAE04EC0-301F-11D3-BF4B-00C04F79EFBC}") = "Kombats.Players.Application.Tests", "tests\Kombats.Players\Kombats.Players.Application.Tests\Kombats.Players.Application.Tests.csproj", "{A50490F8-42DB-477F-9C5D-0F6284818C10}"
EndProject
Project("{FAE04EC0-301F-11D3-BF4B-00C04F79EFBC}") = "Kombats.Players.Infrastructure.Tests", "tests\Kombats.Players\Kombats.Players.Infrastructure.Tests\Kombats.Players.Infrastructure.Tests.csproj", "{350BC6C5-0310-487C-AF41-9614CDA52B94}"
EndProject
Project("{FAE04EC0-301F-11D3-BF4B-00C04F79EFBC}") = "Kombats.Players.Api.Tests", "tests\Kombats.Players\Kombats.Players.Api.Tests\Kombats.Players.Api.Tests.csproj", "{C6F4C054-4DDD-4919-9EEA-CF1811D3039F}"
EndProject
Project("{2150E333-8FDC-42A3-9474-1A3956D46DE8}") = "Common", "Common", "{E20385C6-4CD7-5BF4-C007-71E5EE00BC8D}"
EndProject
Project("{FAE04EC0-301F-11D3-BF4B-00C04F79EFBC}") = "Kombats.Messaging.Tests", "tests\Kombats.Common\Kombats.Messaging.Tests\Kombats.Messaging.Tests.csproj", "{989170E5-ED1D-4BD0-84E0-18BA1CD50BE0}"
EndProject
Project("{FAE04EC0-301F-11D3-BF4B-00C04F79EFBC}") = "Kombats.Players.Bootstrap", "src\Kombats.Players\Kombats.Players.Bootstrap\Kombats.Players.Bootstrap.csproj", "{0BDA2F3E-5A6B-47D5-806F-CC05FE07B1F2}"
EndProject
Project("{2150E333-8FDC-42A3-9474-1A3956D46DE8}") = "Kombats.Matchmaking", "Kombats.Matchmaking", "{7B2DFCC8-5E2F-A42A-0114-8A37271C3FE1}"
EndProject
Project("{FAE04EC0-301F-11D3-BF4B-00C04F79EFBC}") = "Kombats.Matchmaking.Domain.Tests", "tests\Kombats.Matchmaking\Kombats.Matchmaking.Domain.Tests\Kombats.Matchmaking.Domain.Tests.csproj", "{FFFBB5DC-0118-49E8-BBA1-394C086A4485}"
EndProject
Project("{FAE04EC0-301F-11D3-BF4B-00C04F79EFBC}") = "Kombats.Matchmaking.Application.Tests", "tests\Kombats.Matchmaking\Kombats.Matchmaking.Application.Tests\Kombats.Matchmaking.Application.Tests.csproj", "{B747AF05-4E00-44DD-8768-F6CDAE0196C6}"
EndProject
Project("{FAE04EC0-301F-11D3-BF4B-00C04F79EFBC}") = "Kombats.Matchmaking.Bootstrap", "src\Kombats.Matchmaking\Kombats.Matchmaking.Bootstrap\Kombats.Matchmaking.Bootstrap.csproj", "{BF570EBB-66B1-4030-8514-72F6E2F98466}"
EndProject
Project("{2150E333-8FDC-42A3-9474-1A3956D46DE8}") = "Battle.Tests", "Battle.Tests", "{68C1B8A1-0A0E-BA6F-84FC-56DF13E910AD}"
EndProject
Project("{FAE04EC0-301F-11D3-BF4B-00C04F79EFBC}") = "Kombats.Battle.Domain.Tests", "tests\Kombats.Battle\Kombats.Battle.Domain.Tests\Kombats.Battle.Domain.Tests.csproj", "{DF68F190-F11C-4984-A26E-E863E33666F1}"
EndProject
Project("{FAE04EC0-301F-11D3-BF4B-00C04F79EFBC}") = "Kombats.Battle.Application.Tests", "tests\Kombats.Battle\Kombats.Battle.Application.Tests\Kombats.Battle.Application.Tests.csproj", "{AAFA7CDD-1B22-4ECD-94B5-AA24F45EC15A}"
EndProject
Project("{2150E333-8FDC-42A3-9474-1A3956D46DE8}") = "Bootstrap", "Bootstrap", "{8C9051AB-42BD-30FF-B886-2FFC90188484}"
EndProject
Project("{FAE04EC0-301F-11D3-BF4B-00C04F79EFBC}") = "Kombats.Battle.Bootstrap", "src\Kombats.Battle\Kombats.Battle.Bootstrap\Kombats.Battle.Bootstrap.csproj", "{4213B969-93FB-4E1A-9602-E0972FC09CB5}"
EndProject
Project("{2150E333-8FDC-42A3-9474-1A3956D46DE8}") = "Kombats.Integration", "Kombats.Integration", "{7FFFF658-2422-F3EA-BB17-90756A8CAD09}"
EndProject
Project("{FAE04EC0-301F-11D3-BF4B-00C04F79EFBC}") = "Kombats.Integration.Tests", "tests\Kombats.Integration\Kombats.Integration.Tests\Kombats.Integration.Tests.csproj", "{A22BA1BB-1912-497B-A8DC-8DF99EB9F317}"
EndProject
Project("{FAE04EC0-301F-11D3-BF4B-00C04F79EFBC}") = "Kombats.Matchmaking.Infrastructure.Tests", "tests\Kombats.Matchmaking\Kombats.Matchmaking.Infrastructure.Tests\Kombats.Matchmaking.Infrastructure.Tests.csproj", "{E3FA6D31-E73D-4072-BC41-2E37E196EE83}"
EndProject
Project("{FAE04EC0-301F-11D3-BF4B-00C04F79EFBC}") = "Kombats.Matchmaking.Api.Tests", "tests\Kombats.Matchmaking\Kombats.Matchmaking.Api.Tests\Kombats.Matchmaking.Api.Tests.csproj", "{8B9BCE24-F638-4BDE-90BC-F86EF9FB3BEA}"
EndProject
Project("{2150E333-8FDC-42A3-9474-1A3956D46DE8}") = "Kombats.Battle", "Kombats.Battle", "{16E24A72-F3FF-E315-9139-C8507356A570}"
EndProject
Project("{FAE04EC0-301F-11D3-BF4B-00C04F79EFBC}") = "Kombats.Battle.Infrastructure.Tests", "tests\Kombats.Battle\Kombats.Battle.Infrastructure.Tests\Kombats.Battle.Infrastructure.Tests.csproj", "{7F794264-0A97-4665-A558-B48E8DD7F86B}"
EndProject
Project("{FAE04EC0-301F-11D3-BF4B-00C04F79EFBC}") = "Kombats.Battle.Api.Tests", "tests\Kombats.Battle\Kombats.Battle.Api.Tests\Kombats.Battle.Api.Tests.csproj", "{7C0EB2A5-F6CD-40FC-A282-92183394858B}"
EndProject
Project("{2150E333-8FDC-42A3-9474-1A3956D46DE8}") = "Bff", "Bff", "{B5512AA7-7B9B-1802-74DB-5DED17EB80F5}"
EndProject
Project("{FAE04EC0-301F-11D3-BF4B-00C04F79EFBC}") = "Kombats.Bff.Bootstrap", "src\Kombats.Bff\Kombats.Bff.Bootstrap\Kombats.Bff.Bootstrap.csproj", "{C995FF86-74BC-4245-B113-19CEE0B309CE}"
EndProject
Project("{FAE04EC0-301F-11D3-BF4B-00C04F79EFBC}") = "Kombats.Bff.Api", "src\Kombats.Bff\Kombats.Bff.Api\Kombats.Bff.Api.csproj", "{AA6F7D66-2EEA-4276-87D6-8297F4E3F412}"
EndProject
Project("{FAE04EC0-301F-11D3-BF4B-00C04F79EFBC}") = "Kombats.Bff.Application", "src\Kombats.Bff\Kombats.Bff.Application\Kombats.Bff.Application.csproj", "{34BB254A-F3D4-468C-A166-8A85C3ACC97E}"
EndProject
Project("{2150E333-8FDC-42A3-9474-1A3956D46DE8}") = "Bff", "Bff", "{C1380FF7-C7EE-E4B8-F063-FD2A9F2635DA}"
EndProject
Project("{FAE04EC0-301F-11D3-BF4B-00C04F79EFBC}") = "Kombats.Bff.Application.Tests", "tests\Kombats.Bff\Kombats.Bff.Application.Tests\Kombats.Bff.Application.Tests.csproj", "{1896F06F-3D89-4197-8C0D-63D610C08B8A}"
EndProject
Project("{FAE04EC0-301F-11D3-BF4B-00C04F79EFBC}") = "Kombats.Bff.Api.Tests", "tests\Kombats.Bff\Kombats.Bff.Api.Tests\Kombats.Bff.Api.Tests.csproj", "{B1AE66DB-A688-4079-AABF-42CBE3EEB280}"
EndProject
Project("{2150E333-8FDC-42A3-9474-1A3956D46DE8}") = "Chat", "Chat", "{7543EF87-2A12-D9F5-3A53-948826DFDDD9}"
EndProject
Project("{FAE04EC0-301F-11D3-BF4B-00C04F79EFBC}") = "Kombats.Chat.Domain", "src\Kombats.Chat\Kombats.Chat.Domain\Kombats.Chat.Domain.csproj", "{01D4D4B6-07D7-480F-ABA5-ECD5CE74F2FC}"
EndProject
Project("{FAE04EC0-301F-11D3-BF4B-00C04F79EFBC}") = "Kombats.Chat.Contracts", "src\Kombats.Chat\Kombats.Chat.Contracts\Kombats.Chat.Contracts.csproj", "{48C3B7C3-57AA-411F-A43E-B2924F4F0225}"
EndProject
Project("{FAE04EC0-301F-11D3-BF4B-00C04F79EFBC}") = "Kombats.Chat.Application", "src\Kombats.Chat\Kombats.Chat.Application\Kombats.Chat.Application.csproj", "{855C6D8C-CFBB-4834-9ABC-AED5E3F8E12B}"
EndProject
Project("{FAE04EC0-301F-11D3-BF4B-00C04F79EFBC}") = "Kombats.Chat.Infrastructure", "src\Kombats.Chat\Kombats.Chat.Infrastructure\Kombats.Chat.Infrastructure.csproj", "{9084334F-DB01-45E5-86A2-0FBB10CB58B8}"
EndProject
Project("{FAE04EC0-301F-11D3-BF4B-00C04F79EFBC}") = "Kombats.Chat.Api", "src\Kombats.Chat\Kombats.Chat.Api\Kombats.Chat.Api.csproj", "{E1F928A3-63F6-4188-B9EC-A5E68286C2FD}"
EndProject
Project("{FAE04EC0-301F-11D3-BF4B-00C04F79EFBC}") = "Kombats.Chat.Bootstrap", "src\Kombats.Chat\Kombats.Chat.Bootstrap\Kombats.Chat.Bootstrap.csproj", "{BB962D5B-3F27-4472-BCAC-2B9F8431CAEA}"
EndProject
Project("{2150E333-8FDC-42A3-9474-1A3956D46DE8}") = "Chat", "Chat", "{060B4AA3-ACCD-6747-B75F-5F2378AD037D}"
EndProject
Project("{FAE04EC0-301F-11D3-BF4B-00C04F79EFBC}") = "Kombats.Chat.Domain.Tests", "tests\Kombats.Chat\Kombats.Chat.Domain.Tests\Kombats.Chat.Domain.Tests.csproj", "{DA9EC4B6-4C69-4DD8-8EAC-1A6504D11E65}"
EndProject
Project("{FAE04EC0-301F-11D3-BF4B-00C04F79EFBC}") = "Kombats.Chat.Application.Tests", "tests\Kombats.Chat\Kombats.Chat.Application.Tests\Kombats.Chat.Application.Tests.csproj", "{80F0B973-6C9F-4198-A234-49D369B5AB98}"
EndProject
Project("{FAE04EC0-301F-11D3-BF4B-00C04F79EFBC}") = "Kombats.Chat.Infrastructure.Tests", "tests\Kombats.Chat\Kombats.Chat.Infrastructure.Tests\Kombats.Chat.Infrastructure.Tests.csproj", "{F988579F-2364-44C4-8FB9-04A131607A33}"
EndProject
Project("{FAE04EC0-301F-11D3-BF4B-00C04F79EFBC}") = "Kombats.Chat.Api.Tests", "tests\Kombats.Chat\Kombats.Chat.Api.Tests\Kombats.Chat.Api.Tests.csproj", "{43F850BB-657E-4D08-A294-AE675490E4EA}"
EndProject
Global
	GlobalSection(SolutionConfigurationPlatforms) = preSolution
		Debug|Any CPU = Debug|Any CPU
		Debug|x64 = Debug|x64
		Debug|x86 = Debug|x86
		Release|Any CPU = Release|Any CPU
		Release|x64 = Release|x64
		Release|x86 = Release|x86
	EndGlobalSection
	GlobalSection(ProjectConfigurationPlatforms) = postSolution
		{C77F2F07-1300-4A9A-A079-28614C14694E}.Debug|Any CPU.ActiveCfg = Debug|Any CPU
		{C77F2F07-1300-4A9A-A079-28614C14694E}.Debug|Any CPU.Build.0 = Debug|Any CPU
		{C77F2F07-1300-4A9A-A079-28614C14694E}.Debug|x64.ActiveCfg = Debug|Any CPU
		{C77F2F07-1300-4A9A-A079-28614C14694E}.Debug|x64.Build.0 = Debug|Any CPU
		{C77F2F07-1300-4A9A-A079-28614C14694E}.Debug|x86.ActiveCfg = Debug|Any CPU
		{C77F2F07-1300-4A9A-A079-28614C14694E}.Debug|x86.Build.0 = Debug|Any CPU
		{C77F2F07-1300-4A9A-A079-28614C14694E}.Release|Any CPU.ActiveCfg = Release|Any CPU
		{C77F2F07-1300-4A9A-A079-28614C14694E}.Release|Any CPU.Build.0 = Release|Any CPU
		{C77F2F07-1300-4A9A-A079-28614C14694E}.Release|x64.ActiveCfg = Release|Any CPU
		{C77F2F07-1300-4A9A-A079-28614C14694E}.Release|x64.Build.0 = Release|Any CPU
		{C77F2F07-1300-4A9A-A079-28614C14694E}.Release|x86.ActiveCfg = Release|Any CPU
		{C77F2F07-1300-4A9A-A079-28614C14694E}.Release|x86.Build.0 = Release|Any CPU
		{F8B0FD41-D05B-42F5-B61A-80A6001B779D}.Debug|Any CPU.ActiveCfg = Debug|Any CPU
		{F8B0FD41-D05B-42F5-B61A-80A6001B779D}.Debug|Any CPU.Build.0 = Debug|Any CPU
		{F8B0FD41-D05B-42F5-B61A-80A6001B779D}.Debug|x64.ActiveCfg = Debug|Any CPU
		{F8B0FD41-D05B-42F5-B61A-80A6001B779D}.Debug|x64.Build.0 = Debug|Any CPU
		{F8B0FD41-D05B-42F5-B61A-80A6001B779D}.Debug|x86.ActiveCfg = Debug|Any CPU
		{F8B0FD41-D05B-42F5-B61A-80A6001B779D}.Debug|x86.Build.0 = Debug|Any CPU
		{F8B0FD41-D05B-42F5-B61A-80A6001B779D}.Release|Any CPU.ActiveCfg = Release|Any CPU
		{F8B0FD41-D05B-42F5-B61A-80A6001B779D}.Release|Any CPU.Build.0 = Release|Any CPU
		{F8B0FD41-D05B-42F5-B61A-80A6001B779D}.Release|x64.ActiveCfg = Release|Any CPU
		{F8B0FD41-D05B-42F5-B61A-80A6001B779D}.Release|x64.Build.0 = Release|Any CPU
		{F8B0FD41-D05B-42F5-B61A-80A6001B779D}.Release|x86.ActiveCfg = Release|Any CPU
		{F8B0FD41-D05B-42F5-B61A-80A6001B779D}.Release|x86.Build.0 = Release|Any CPU
		{626F1982-241B-408A-967A-C8E57BEA0247}.Debug|Any CPU.ActiveCfg = Debug|Any CPU
		{626F1982-241B-408A-967A-C8E57BEA0247}.Debug|Any CPU.Build.0 = Debug|Any CPU
		{626F1982-241B-408A-967A-C8E57BEA0247}.Debug|x64.ActiveCfg = Debug|Any CPU
		{626F1982-241B-408A-967A-C8E57BEA0247}.Debug|x64.Build.0 = Debug|Any CPU
		{626F1982-241B-408A-967A-C8E57BEA0247}.Debug|x86.ActiveCfg = Debug|Any CPU
		{626F1982-241B-408A-967A-C8E57BEA0247}.Debug|x86.Build.0 = Debug|Any CPU
		{626F1982-241B-408A-967A-C8E57BEA0247}.Release|Any CPU.ActiveCfg = Release|Any CPU
		{626F1982-241B-408A-967A-C8E57BEA0247}.Release|Any CPU.Build.0 = Release|Any CPU
		{626F1982-241B-408A-967A-C8E57BEA0247}.Release|x64.ActiveCfg = Release|Any CPU
		{626F1982-241B-408A-967A-C8E57BEA0247}.Release|x64.Build.0 = Release|Any CPU
		{626F1982-241B-408A-967A-C8E57BEA0247}.Release|x86.ActiveCfg = Release|Any CPU
		{626F1982-241B-408A-967A-C8E57BEA0247}.Release|x86.Build.0 = Release|Any CPU
		{01B404FD-8FE3-430C-9A6E-B71D5652D367}.Debug|Any CPU.ActiveCfg = Debug|Any CPU
		{01B404FD-8FE3-430C-9A6E-B71D5652D367}.Debug|Any CPU.Build.0 = Debug|Any CPU
		{01B404FD-8FE3-430C-9A6E-B71D5652D367}.Debug|x64.ActiveCfg = Debug|Any CPU
		{01B404FD-8FE3-430C-9A6E-B71D5652D367}.Debug|x64.Build.0 = Debug|Any CPU
		{01B404FD-8FE3-430C-9A6E-B71D5652D367}.Debug|x86.ActiveCfg = Debug|Any CPU
		{01B404FD-8FE3-430C-9A6E-B71D5652D367}.Debug|x86.Build.0 = Debug|Any CPU
		{01B404FD-8FE3-430C-9A6E-B71D5652D367}.Release|Any CPU.ActiveCfg = Release|Any CPU
		{01B404FD-8FE3-430C-9A6E-B71D5652D367}.Release|Any CPU.Build.0 = Release|Any CPU
		{01B404FD-8FE3-430C-9A6E-B71D5652D367}.Release|x64.ActiveCfg = Release|Any CPU
		{01B404FD-8FE3-430C-9A6E-B71D5652D367}.Release|x64.Build.0 = Release|Any CPU
		{01B404FD-8FE3-430C-9A6E-B71D5652D367}.Release|x86.ActiveCfg = Release|Any CPU
		{01B404FD-8FE3-430C-9A6E-B71D5652D367}.Release|x86.Build.0 = Release|Any CPU
		{3ACD26AC-3B0F-4426-A48C-D72FC0EA500F}.Debug|Any CPU.ActiveCfg = Debug|Any CPU
		{3ACD26AC-3B0F-4426-A48C-D72FC0EA500F}.Debug|Any CPU.Build.0 = Debug|Any CPU
		{3ACD26AC-3B0F-4426-A48C-D72FC0EA500F}.Debug|x64.ActiveCfg = Debug|Any CPU
		{3ACD26AC-3B0F-4426-A48C-D72FC0EA500F}.Debug|x64.Build.0 = Debug|Any CPU
		{3ACD26AC-3B0F-4426-A48C-D72FC0EA500F}.Debug|x86.ActiveCfg = Debug|Any CPU
		{3ACD26AC-3B0F-4426-A48C-D72FC0EA500F}.Debug|x86.Build.0 = Debug|Any CPU
		{3ACD26AC-3B0F-4426-A48C-D72FC0EA500F}.Release|Any CPU.ActiveCfg = Release|Any CPU
		{3ACD26AC-3B0F-4426-A48C-D72FC0EA500F}.Release|Any CPU.Build.0 = Release|Any CPU
		{3ACD26AC-3B0F-4426-A48C-D72FC0EA500F}.Release|x64.ActiveCfg = Release|Any CPU
		{3ACD26AC-3B0F-4426-A48C-D72FC0EA500F}.Release|x64.Build.0 = Release|Any CPU
		{3ACD26AC-3B0F-4426-A48C-D72FC0EA500F}.Release|x86.ActiveCfg = Release|Any CPU
		{3ACD26AC-3B0F-4426-A48C-D72FC0EA500F}.Release|x86.Build.0 = Release|Any CPU
		{BC00E29B-BDF2-402B-92F0-D94839F01570}.Debug|Any CPU.ActiveCfg = Debug|Any CPU
		{BC00E29B-BDF2-402B-92F0-D94839F01570}.Debug|Any CPU.Build.0 = Debug|Any CPU
		{BC00E29B-BDF2-402B-92F0-D94839F01570}.Debug|x64.ActiveCfg = Debug|Any CPU
		{BC00E29B-BDF2-402B-92F0-D94839F01570}.Debug|x64.Build.0 = Debug|Any CPU
		{BC00E29B-BDF2-402B-92F0-D94839F01570}.Debug|x86.ActiveCfg = Debug|Any CPU
		{BC00E29B-BDF2-402B-92F0-D94839F01570}.Debug|x86.Build.0 = Debug|Any CPU
		{BC00E29B-BDF2-402B-92F0-D94839F01570}.Release|Any CPU.ActiveCfg = Release|Any CPU
		{BC00E29B-BDF2-402B-92F0-D94839F01570}.Release|Any CPU.Build.0 = Release|Any CPU
		{BC00E29B-BDF2-402B-92F0-D94839F01570}.Release|x64.ActiveCfg = Release|Any CPU
		{BC00E29B-BDF2-402B-92F0-D94839F01570}.Release|x64.Build.0 = Release|Any CPU
		{BC00E29B-BDF2-402B-92F0-D94839F01570}.Release|x86.ActiveCfg = Release|Any CPU
		{BC00E29B-BDF2-402B-92F0-D94839F01570}.Release|x86.Build.0 = Release|Any CPU
		{A2341330-3827-41D0-8F50-A3FACA7CEEFE}.Debug|Any CPU.ActiveCfg = Debug|Any CPU
		{A2341330-3827-41D0-8F50-A3FACA7CEEFE}.Debug|Any CPU.Build.0 = Debug|Any CPU
		{A2341330-3827-41D0-8F50-A3FACA7CEEFE}.Debug|x64.ActiveCfg = Debug|Any CPU
		{A2341330-3827-41D0-8F50-A3FACA7CEEFE}.Debug|x64.Build.0 = Debug|Any CPU
		{A2341330-3827-41D0-8F50-A3FACA7CEEFE}.Debug|x86.ActiveCfg = Debug|Any CPU
		{A2341330-3827-41D0-8F50-A3FACA7CEEFE}.Debug|x86.Build.0 = Debug|Any CPU
		{A2341330-3827-41D0-8F50-A3FACA7CEEFE}.Release|Any CPU.ActiveCfg = Release|Any CPU
		{A2341330-3827-41D0-8F50-A3FACA7CEEFE}.Release|Any CPU.Build.0 = Release|Any CPU
		{A2341330-3827-41D0-8F50-A3FACA7CEEFE}.Release|x64.ActiveCfg = Release|Any CPU
		{A2341330-3827-41D0-8F50-A3FACA7CEEFE}.Release|x64.Build.0 = Release|Any CPU
		{A2341330-3827-41D0-8F50-A3FACA7CEEFE}.Release|x86.ActiveCfg = Release|Any CPU
		{A2341330-3827-41D0-8F50-A3FACA7CEEFE}.Release|x86.Build.0 = Release|Any CPU
		{B8A3E922-9FAA-4FD4-B5C6-37BE477DCEB2}.Debug|Any CPU.ActiveCfg = Debug|Any CPU
		{B8A3E922-9FAA-4FD4-B5C6-37BE477DCEB2}.Debug|Any CPU.Build.0 = Debug|Any CPU
		{B8A3E922-9FAA-4FD4-B5C6-37BE477DCEB2}.Debug|x64.ActiveCfg = Debug|Any CPU
		{B8A3E922-9FAA-4FD4-B5C6-37BE477DCEB2}.Debug|x64.Build.0 = Debug|Any CPU
		{B8A3E922-9FAA-4FD4-B5C6-37BE477DCEB2}.Debug|x86.ActiveCfg = Debug|Any CPU
		{B8A3E922-9FAA-4FD4-B5C6-37BE477DCEB2}.Debug|x86.Build.0 = Debug|Any CPU
		{B8A3E922-9FAA-4FD4-B5C6-37BE477DCEB2}.Release|Any CPU.ActiveCfg = Release|Any CPU
		{B8A3E922-9FAA-4FD4-B5C6-37BE477DCEB2}.Release|Any CPU.Build.0 = Release|Any CPU
		{B8A3E922-9FAA-4FD4-B5C6-37BE477DCEB2}.Release|x64.ActiveCfg = Release|Any CPU
		{B8A3E922-9FAA-4FD4-B5C6-37BE477DCEB2}.Release|x64.Build.0 = Release|Any CPU
		{B8A3E922-9FAA-4FD4-B5C6-37BE477DCEB2}.Release|x86.ActiveCfg = Release|Any CPU
		{B8A3E922-9FAA-4FD4-B5C6-37BE477DCEB2}.Release|x86.Build.0 = Release|Any CPU
		{8791A4F4-2477-4DC5-9289-130583585584}.Debug|Any CPU.ActiveCfg = Debug|Any CPU
		{8791A4F4-2477-4DC5-9289-130583585584}.Debug|Any CPU.Build.0 = Debug|Any CPU
		{8791A4F4-2477-4DC5-9289-130583585584}.Debug|x64.ActiveCfg = Debug|Any CPU
		{8791A4F4-2477-4DC5-9289-130583585584}.Debug|x64.Build.0 = Debug|Any CPU
		{8791A4F4-2477-4DC5-9289-130583585584}.Debug|x86.ActiveCfg = Debug|Any CPU
		{8791A4F4-2477-4DC5-9289-130583585584}.Debug|x86.Build.0 = Debug|Any CPU
		{8791A4F4-2477-4DC5-9289-130583585584}.Release|Any CPU.ActiveCfg = Release|Any CPU
		{8791A4F4-2477-4DC5-9289-130583585584}.Release|Any CPU.Build.0 = Release|Any CPU
		{8791A4F4-2477-4DC5-9289-130583585584}.Release|x64.ActiveCfg = Release|Any CPU
		{8791A4F4-2477-4DC5-9289-130583585584}.Release|x64.Build.0 = Release|Any CPU
		{8791A4F4-2477-4DC5-9289-130583585584}.Release|x86.ActiveCfg = Release|Any CPU
		{8791A4F4-2477-4DC5-9289-130583585584}.Release|x86.Build.0 = Release|Any CPU
		{6CF3CE1A-483E-44F3-9332-A3CAFBA23675}.Debug|Any CPU.ActiveCfg = Debug|Any CPU
		{6CF3CE1A-483E-44F3-9332-A3CAFBA23675}.Debug|Any CPU.Build.0 = Debug|Any CPU
		{6CF3CE1A-483E-44F3-9332-A3CAFBA23675}.Debug|x64.ActiveCfg = Debug|Any CPU
		{6CF3CE1A-483E-44F3-9332-A3CAFBA23675}.Debug|x64.Build.0 = Debug|Any CPU
		{6CF3CE1A-483E-44F3-9332-A3CAFBA23675}.Debug|x86.ActiveCfg = Debug|Any CPU
		{6CF3CE1A-483E-44F3-9332-A3CAFBA23675}.Debug|x86.Build.0 = Debug|Any CPU
		{6CF3CE1A-483E-44F3-9332-A3CAFBA23675}.Release|Any CPU.ActiveCfg = Release|Any CPU
		{6CF3CE1A-483E-44F3-9332-A3CAFBA23675}.Release|Any CPU.Build.0 = Release|Any CPU
		{6CF3CE1A-483E-44F3-9332-A3CAFBA23675}.Release|x64.ActiveCfg = Release|Any CPU
		{6CF3CE1A-483E-44F3-9332-A3CAFBA23675}.Release|x64.Build.0 = Release|Any CPU
		{6CF3CE1A-483E-44F3-9332-A3CAFBA23675}.Release|x86.ActiveCfg = Release|Any CPU
		{6CF3CE1A-483E-44F3-9332-A3CAFBA23675}.Release|x86.Build.0 = Release|Any CPU
		{BE5078E1-D319-483C-A992-0B9BBEAA5DDF}.Debug|Any CPU.ActiveCfg = Debug|Any CPU
		{BE5078E1-D319-483C-A992-0B9BBEAA5DDF}.Debug|Any CPU.Build.0 = Debug|Any CPU
		{BE5078E1-D319-483C-A992-0B9BBEAA5DDF}.Debug|x64.ActiveCfg = Debug|Any CPU
		{BE5078E1-D319-483C-A992-0B9BBEAA5DDF}.Debug|x64.Build.0 = Debug|Any CPU
		{BE5078E1-D319-483C-A992-0B9BBEAA5DDF}.Debug|x86.ActiveCfg = Debug|Any CPU
		{BE5078E1-D319-483C-A992-0B9BBEAA5DDF}.Debug|x86.Build.0 = Debug|Any CPU
		{BE5078E1-D319-483C-A992-0B9BBEAA5DDF}.Release|Any CPU.ActiveCfg = Release|Any CPU
		{BE5078E1-D319-483C-A992-0B9BBEAA5DDF}.Release|Any CPU.Build.0 = Release|Any CPU
		{BE5078E1-D319-483C-A992-0B9BBEAA5DDF}.Release|x64.ActiveCfg = Release|Any CPU
		{BE5078E1-D319-483C-A992-0B9BBEAA5DDF}.Release|x64.Build.0 = Release|Any CPU
		{BE5078E1-D319-483C-A992-0B9BBEAA5DDF}.Release|x86.ActiveCfg = Release|Any CPU
		{BE5078E1-D319-483C-A992-0B9BBEAA5DDF}.Release|x86.Build.0 = Release|Any CPU
		{95A98C3A-7E25-4408-A492-6BF3FAB4A69D}.Debug|Any CPU.ActiveCfg = Debug|Any CPU
		{95A98C3A-7E25-4408-A492-6BF3FAB4A69D}.Debug|Any CPU.Build.0 = Debug|Any CPU
		{95A98C3A-7E25-4408-A492-6BF3FAB4A69D}.Debug|x64.ActiveCfg = Debug|Any CPU
		{95A98C3A-7E25-4408-A492-6BF3FAB4A69D}.Debug|x64.Build.0 = Debug|Any CPU
		{95A98C3A-7E25-4408-A492-6BF3FAB4A69D}.Debug|x86.ActiveCfg = Debug|Any CPU
		{95A98C3A-7E25-4408-A492-6BF3FAB4A69D}.Debug|x86.Build.0 = Debug|Any CPU
		{95A98C3A-7E25-4408-A492-6BF3FAB4A69D}.Release|Any CPU.ActiveCfg = Release|Any CPU
		{95A98C3A-7E25-4408-A492-6BF3FAB4A69D}.Release|Any CPU.Build.0 = Release|Any CPU
		{95A98C3A-7E25-4408-A492-6BF3FAB4A69D}.Release|x64.ActiveCfg = Release|Any CPU
		{95A98C3A-7E25-4408-A492-6BF3FAB4A69D}.Release|x64.Build.0 = Release|Any CPU
		{95A98C3A-7E25-4408-A492-6BF3FAB4A69D}.Release|x86.ActiveCfg = Release|Any CPU
		{95A98C3A-7E25-4408-A492-6BF3FAB4A69D}.Release|x86.Build.0 = Release|Any CPU
		{2180359A-3056-44E5-BDE4-C1E93D173B05}.Debug|Any CPU.ActiveCfg = Debug|Any CPU
		{2180359A-3056-44E5-BDE4-C1E93D173B05}.Debug|Any CPU.Build.0 = Debug|Any CPU
		{2180359A-3056-44E5-BDE4-C1E93D173B05}.Debug|x64.ActiveCfg = Debug|Any CPU
		{2180359A-3056-44E5-BDE4-C1E93D173B05}.Debug|x64.Build.0 = Debug|Any CPU
		{2180359A-3056-44E5-BDE4-C1E93D173B05}.Debug|x86.ActiveCfg = Debug|Any CPU
		{2180359A-3056-44E5-BDE4-C1E93D173B05}.Debug|x86.Build.0 = Debug|Any CPU
		{2180359A-3056-44E5-BDE4-C1E93D173B05}.Release|Any CPU.ActiveCfg = Release|Any CPU
		{2180359A-3056-44E5-BDE4-C1E93D173B05}.Release|Any CPU.Build.0 = Release|Any CPU
		{2180359A-3056-44E5-BDE4-C1E93D173B05}.Release|x64.ActiveCfg = Release|Any CPU
		{2180359A-3056-44E5-BDE4-C1E93D173B05}.Release|x64.Build.0 = Release|Any CPU
		{2180359A-3056-44E5-BDE4-C1E93D173B05}.Release|x86.ActiveCfg = Release|Any CPU
		{2180359A-3056-44E5-BDE4-C1E93D173B05}.Release|x86.Build.0 = Release|Any CPU
		{4FFB7F19-DC6A-4C1D-8C99-421548257A5B}.Debug|Any CPU.ActiveCfg = Debug|Any CPU
		{4FFB7F19-DC6A-4C1D-8C99-421548257A5B}.Debug|Any CPU.Build.0 = Debug|Any CPU
		{4FFB7F19-DC6A-4C1D-8C99-421548257A5B}.Debug|x64.ActiveCfg = Debug|Any CPU
		{4FFB7F19-DC6A-4C1D-8C99-421548257A5B}.Debug|x64.Build.0 = Debug|Any CPU
		{4FFB7F19-DC6A-4C1D-8C99-421548257A5B}.Debug|x86.ActiveCfg = Debug|Any CPU
		{4FFB7F19-DC6A-4C1D-8C99-421548257A5B}.Debug|x86.Build.0 = Debug|Any CPU
		{4FFB7F19-DC6A-4C1D-8C99-421548257A5B}.Release|Any CPU.ActiveCfg = Release|Any CPU
		{4FFB7F19-DC6A-4C1D-8C99-421548257A5B}.Release|Any CPU.Build.0 = Release|Any CPU
		{4FFB7F19-DC6A-4C1D-8C99-421548257A5B}.Release|x64.ActiveCfg = Release|Any CPU
		{4FFB7F19-DC6A-4C1D-8C99-421548257A5B}.Release|x64.Build.0 = Release|Any CPU
		{4FFB7F19-DC6A-4C1D-8C99-421548257A5B}.Release|x86.ActiveCfg = Release|Any CPU
		{4FFB7F19-DC6A-4C1D-8C99-421548257A5B}.Release|x86.Build.0 = Release|Any CPU
		{AB4A569E-647E-41FB-B2AB-B93AA0F4BCAC}.Debug|Any CPU.ActiveCfg = Debug|Any CPU
		{AB4A569E-647E-41FB-B2AB-B93AA0F4BCAC}.Debug|Any CPU.Build.0 = Debug|Any CPU
		{AB4A569E-647E-41FB-B2AB-B93AA0F4BCAC}.Debug|x64.ActiveCfg = Debug|Any CPU
		{AB4A569E-647E-41FB-B2AB-B93AA0F4BCAC}.Debug|x64.Build.0 = Debug|Any CPU
		{AB4A569E-647E-41FB-B2AB-B93AA0F4BCAC}.Debug|x86.ActiveCfg = Debug|Any CPU
		{AB4A569E-647E-41FB-B2AB-B93AA0F4BCAC}.Debug|x86.Build.0 = Debug|Any CPU
		{AB4A569E-647E-41FB-B2AB-B93AA0F4BCAC}.Release|Any CPU.ActiveCfg = Release|Any CPU
		{AB4A569E-647E-41FB-B2AB-B93AA0F4BCAC}.Release|Any CPU.Build.0 = Release|Any CPU
		{AB4A569E-647E-41FB-B2AB-B93AA0F4BCAC}.Release|x64.ActiveCfg = Release|Any CPU
		{AB4A569E-647E-41FB-B2AB-B93AA0F4BCAC}.Release|x64.Build.0 = Release|Any CPU
		{AB4A569E-647E-41FB-B2AB-B93AA0F4BCAC}.Release|x86.ActiveCfg = Release|Any CPU
		{AB4A569E-647E-41FB-B2AB-B93AA0F4BCAC}.Release|x86.Build.0 = Release|Any CPU
		{2E7118AD-27D6-486C-8017-9B2D6EAE609B}.Debug|Any CPU.ActiveCfg = Debug|Any CPU
		{2E7118AD-27D6-486C-8017-9B2D6EAE609B}.Debug|Any CPU.Build.0 = Debug|Any CPU
		{2E7118AD-27D6-486C-8017-9B2D6EAE609B}.Debug|x64.ActiveCfg = Debug|Any CPU
		{2E7118AD-27D6-486C-8017-9B2D6EAE609B}.Debug|x64.Build.0 = Debug|Any CPU
		{2E7118AD-27D6-486C-8017-9B2D6EAE609B}.Debug|x86.ActiveCfg = Debug|Any CPU
		{2E7118AD-27D6-486C-8017-9B2D6EAE609B}.Debug|x86.Build.0 = Debug|Any CPU
		{2E7118AD-27D6-486C-8017-9B2D6EAE609B}.Release|Any CPU.ActiveCfg = Release|Any CPU
		{2E7118AD-27D6-486C-8017-9B2D6EAE609B}.Release|Any CPU.Build.0 = Release|Any CPU
		{2E7118AD-27D6-486C-8017-9B2D6EAE609B}.Release|x64.ActiveCfg = Release|Any CPU
		{2E7118AD-27D6-486C-8017-9B2D6EAE609B}.Release|x64.Build.0 = Release|Any CPU
		{2E7118AD-27D6-486C-8017-9B2D6EAE609B}.Release|x86.ActiveCfg = Release|Any CPU
		{2E7118AD-27D6-486C-8017-9B2D6EAE609B}.Release|x86.Build.0 = Release|Any CPU
		{E0D98622-1880-4376-B6A3-4339399C3722}.Debug|Any CPU.ActiveCfg = Debug|Any CPU
		{E0D98622-1880-4376-B6A3-4339399C3722}.Debug|Any CPU.Build.0 = Debug|Any CPU
		{E0D98622-1880-4376-B6A3-4339399C3722}.Debug|x64.ActiveCfg = Debug|Any CPU
		{E0D98622-1880-4376-B6A3-4339399C3722}.Debug|x64.Build.0 = Debug|Any CPU
		{E0D98622-1880-4376-B6A3-4339399C3722}.Debug|x86.ActiveCfg = Debug|Any CPU
		{E0D98622-1880-4376-B6A3-4339399C3722}.Debug|x86.Build.0 = Debug|Any CPU
		{E0D98622-1880-4376-B6A3-4339399C3722}.Release|Any CPU.ActiveCfg = Release|Any CPU
		{E0D98622-1880-4376-B6A3-4339399C3722}.Release|Any CPU.Build.0 = Release|Any CPU
		{E0D98622-1880-4376-B6A3-4339399C3722}.Release|x64.ActiveCfg = Release|Any CPU
		{E0D98622-1880-4376-B6A3-4339399C3722}.Release|x64.Build.0 = Release|Any CPU
		{E0D98622-1880-4376-B6A3-4339399C3722}.Release|x86.ActiveCfg = Release|Any CPU
		{E0D98622-1880-4376-B6A3-4339399C3722}.Release|x86.Build.0 = Release|Any CPU
		{1D4EBB90-25EC-4A41-B340-72A67C2ACE5B}.Debug|Any CPU.ActiveCfg = Debug|Any CPU
		{1D4EBB90-25EC-4A41-B340-72A67C2ACE5B}.Debug|Any CPU.Build.0 = Debug|Any CPU
		{1D4EBB90-25EC-4A41-B340-72A67C2ACE5B}.Debug|x64.ActiveCfg = Debug|Any CPU
		{1D4EBB90-25EC-4A41-B340-72A67C2ACE5B}.Debug|x64.Build.0 = Debug|Any CPU
		{1D4EBB90-25EC-4A41-B340-72A67C2ACE5B}.Debug|x86.ActiveCfg = Debug|Any CPU
		{1D4EBB90-25EC-4A41-B340-72A67C2ACE5B}.Debug|x86.Build.0 = Debug|Any CPU
		{1D4EBB90-25EC-4A41-B340-72A67C2ACE5B}.Release|Any CPU.ActiveCfg = Release|Any CPU
		{1D4EBB90-25EC-4A41-B340-72A67C2ACE5B}.Release|Any CPU.Build.0 = Release|Any CPU
		{1D4EBB90-25EC-4A41-B340-72A67C2ACE5B}.Release|x64.ActiveCfg = Release|Any CPU
		{1D4EBB90-25EC-4A41-B340-72A67C2ACE5B}.Release|x64.Build.0 = Release|Any CPU
		{1D4EBB90-25EC-4A41-B340-72A67C2ACE5B}.Release|x86.ActiveCfg = Release|Any CPU
		{1D4EBB90-25EC-4A41-B340-72A67C2ACE5B}.Release|x86.Build.0 = Release|Any CPU
		{7A5BB9D2-2162-4694-8273-F126664EBAF9}.Debug|Any CPU.ActiveCfg = Debug|Any CPU
		{7A5BB9D2-2162-4694-8273-F126664EBAF9}.Debug|Any CPU.Build.0 = Debug|Any CPU
		{7A5BB9D2-2162-4694-8273-F126664EBAF9}.Debug|x64.ActiveCfg = Debug|Any CPU
		{7A5BB9D2-2162-4694-8273-F126664EBAF9}.Debug|x64.Build.0 = Debug|Any CPU
		{7A5BB9D2-2162-4694-8273-F126664EBAF9}.Debug|x86.ActiveCfg = Debug|Any CPU
		{7A5BB9D2-2162-4694-8273-F126664EBAF9}.Debug|x86.Build.0 = Debug|Any CPU
		{7A5BB9D2-2162-4694-8273-F126664EBAF9}.Release|Any CPU.ActiveCfg = Release|Any CPU
		{7A5BB9D2-2162-4694-8273-F126664EBAF9}.Release|Any CPU.Build.0 = Release|Any CPU
		{7A5BB9D2-2162-4694-8273-F126664EBAF9}.Release|x64.ActiveCfg = Release|Any CPU
		{7A5BB9D2-2162-4694-8273-F126664EBAF9}.Release|x64.Build.0 = Release|Any CPU
		{7A5BB9D2-2162-4694-8273-F126664EBAF9}.Release|x86.ActiveCfg = Release|Any CPU
		{7A5BB9D2-2162-4694-8273-F126664EBAF9}.Release|x86.Build.0 = Release|Any CPU
		{A50490F8-42DB-477F-9C5D-0F6284818C10}.Debug|Any CPU.ActiveCfg = Debug|Any CPU
		{A50490F8-42DB-477F-9C5D-0F6284818C10}.Debug|Any CPU.Build.0 = Debug|Any CPU
		{A50490F8-42DB-477F-9C5D-0F6284818C10}.Debug|x64.ActiveCfg = Debug|Any CPU
		{A50490F8-42DB-477F-9C5D-0F6284818C10}.Debug|x64.Build.0 = Debug|Any CPU
		{A50490F8-42DB-477F-9C5D-0F6284818C10}.Debug|x86.ActiveCfg = Debug|Any CPU
		{A50490F8-42DB-477F-9C5D-0F6284818C10}.Debug|x86.Build.0 = Debug|Any CPU
		{A50490F8-42DB-477F-9C5D-0F6284818C10}.Release|Any CPU.ActiveCfg = Release|Any CPU
		{A50490F8-42DB-477F-9C5D-0F6284818C10}.Release|Any CPU.Build.0 = Release|Any CPU
		{A50490F8-42DB-477F-9C5D-0F6284818C10}.Release|x64.ActiveCfg = Release|Any CPU
		{A50490F8-42DB-477F-9C5D-0F6284818C10}.Release|x64.Build.0 = Release|Any CPU
		{A50490F8-42DB-477F-9C5D-0F6284818C10}.Release|x86.ActiveCfg = Release|Any CPU
		{A50490F8-42DB-477F-9C5D-0F6284818C10}.Release|x86.Build.0 = Release|Any CPU
		{350BC6C5-0310-487C-AF41-9614CDA52B94}.Debug|Any CPU.ActiveCfg = Debug|Any CPU
		{350BC6C5-0310-487C-AF41-9614CDA52B94}.Debug|Any CPU.Build.0 = Debug|Any CPU
		{350BC6C5-0310-487C-AF41-9614CDA52B94}.Debug|x64.ActiveCfg = Debug|Any CPU
		{350BC6C5-0310-487C-AF41-9614CDA52B94}.Debug|x64.Build.0 = Debug|Any CPU
		{350BC6C5-0310-487C-AF41-9614CDA52B94}.Debug|x86.ActiveCfg = Debug|Any CPU
		{350BC6C5-0310-487C-AF41-9614CDA52B94}.Debug|x86.Build.0 = Debug|Any CPU
		{350BC6C5-0310-487C-AF41-9614CDA52B94}.Release|Any CPU.ActiveCfg = Release|Any CPU
		{350BC6C5-0310-487C-AF41-9614CDA52B94}.Release|Any CPU.Build.0 = Release|Any CPU
		{350BC6C5-0310-487C-AF41-9614CDA52B94}.Release|x64.ActiveCfg = Release|Any CPU
		{350BC6C5-0310-487C-AF41-9614CDA52B94}.Release|x64.Build.0 = Release|Any CPU
		{350BC6C5-0310-487C-AF41-9614CDA52B94}.Release|x86.ActiveCfg = Release|Any CPU
		{350BC6C5-0310-487C-AF41-9614CDA52B94}.Release|x86.Build.0 = Release|Any CPU
		{C6F4C054-4DDD-4919-9EEA-CF1811D3039F}.Debug|Any CPU.ActiveCfg = Debug|Any CPU
		{C6F4C054-4DDD-4919-9EEA-CF1811D3039F}.Debug|Any CPU.Build.0 = Debug|Any CPU
		{C6F4C054-4DDD-4919-9EEA-CF1811D3039F}.Debug|x64.ActiveCfg = Debug|Any CPU
		{C6F4C054-4DDD-4919-9EEA-CF1811D3039F}.Debug|x64.Build.0 = Debug|Any CPU
		{C6F4C054-4DDD-4919-9EEA-CF1811D3039F}.Debug|x86.ActiveCfg = Debug|Any CPU
		{C6F4C054-4DDD-4919-9EEA-CF1811D3039F}.Debug|x86.Build.0 = Debug|Any CPU
		{C6F4C054-4DDD-4919-9EEA-CF1811D3039F}.Release|Any CPU.ActiveCfg = Release|Any CPU
		{C6F4C054-4DDD-4919-9EEA-CF1811D3039F}.Release|Any CPU.Build.0 = Release|Any CPU
		{C6F4C054-4DDD-4919-9EEA-CF1811D3039F}.Release|x64.ActiveCfg = Release|Any CPU
		{C6F4C054-4DDD-4919-9EEA-CF1811D3039F}.Release|x64.Build.0 = Release|Any CPU
		{C6F4C054-4DDD-4919-9EEA-CF1811D3039F}.Release|x86.ActiveCfg = Release|Any CPU
		{C6F4C054-4DDD-4919-9EEA-CF1811D3039F}.Release|x86.Build.0 = Release|Any CPU
		{989170E5-ED1D-4BD0-84E0-18BA1CD50BE0}.Debug|Any CPU.ActiveCfg = Debug|Any CPU
		{989170E5-ED1D-4BD0-84E0-18BA1CD50BE0}.Debug|Any CPU.Build.0 = Debug|Any CPU
		{989170E5-ED1D-4BD0-84E0-18BA1CD50BE0}.Debug|x64.ActiveCfg = Debug|Any CPU
		{989170E5-ED1D-4BD0-84E0-18BA1CD50BE0}.Debug|x64.Build.0 = Debug|Any CPU
		{989170E5-ED1D-4BD0-84E0-18BA1CD50BE0}.Debug|x86.ActiveCfg = Debug|Any CPU
		{989170E5-ED1D-4BD0-84E0-18BA1CD50BE0}.Debug|x86.Build.0 = Debug|Any CPU
		{989170E5-ED1D-4BD0-84E0-18BA1CD50BE0}.Release|Any CPU.ActiveCfg = Release|Any CPU
		{989170E5-ED1D-4BD0-84E0-18BA1CD50BE0}.Release|Any CPU.Build.0 = Release|Any CPU
		{989170E5-ED1D-4BD0-84E0-18BA1CD50BE0}.Release|x64.ActiveCfg = Release|Any CPU
		{989170E5-ED1D-4BD0-84E0-18BA1CD50BE0}.Release|x64.Build.0 = Release|Any CPU
		{989170E5-ED1D-4BD0-84E0-18BA1CD50BE0}.Release|x86.ActiveCfg = Release|Any CPU
		{989170E5-ED1D-4BD0-84E0-18BA1CD50BE0}.Release|x86.Build.0 = Release|Any CPU
		{0BDA2F3E-5A6B-47D5-806F-CC05FE07B1F2}.Debug|Any CPU.ActiveCfg = Debug|Any CPU
		{0BDA2F3E-5A6B-47D5-806F-CC05FE07B1F2}.Debug|Any CPU.Build.0 = Debug|Any CPU
		{0BDA2F3E-5A6B-47D5-806F-CC05FE07B1F2}.Debug|x64.ActiveCfg = Debug|Any CPU
		{0BDA2F3E-5A6B-47D5-806F-CC05FE07B1F2}.Debug|x64.Build.0 = Debug|Any CPU
		{0BDA2F3E-5A6B-47D5-806F-CC05FE07B1F2}.Debug|x86.ActiveCfg = Debug|Any CPU
		{0BDA2F3E-5A6B-47D5-806F-CC05FE07B1F2}.Debug|x86.Build.0 = Debug|Any CPU
		{0BDA2F3E-5A6B-47D5-806F-CC05FE07B1F2}.Release|Any CPU.ActiveCfg = Release|Any CPU
		{0BDA2F3E-5A6B-47D5-806F-CC05FE07B1F2}.Release|Any CPU.Build.0 = Release|Any CPU
		{0BDA2F3E-5A6B-47D5-806F-CC05FE07B1F2}.Release|x64.ActiveCfg = Release|Any CPU
		{0BDA2F3E-5A6B-47D5-806F-CC05FE07B1F2}.Release|x64.Build.0 = Release|Any CPU
		{0BDA2F3E-5A6B-47D5-806F-CC05FE07B1F2}.Release|x86.ActiveCfg = Release|Any CPU
		{0BDA2F3E-5A6B-47D5-806F-CC05FE07B1F2}.Release|x86.Build.0 = Release|Any CPU
		{FFFBB5DC-0118-49E8-BBA1-394C086A4485}.Debug|Any CPU.ActiveCfg = Debug|Any CPU
		{FFFBB5DC-0118-49E8-BBA1-394C086A4485}.Debug|Any CPU.Build.0 = Debug|Any CPU
		{FFFBB5DC-0118-49E8-BBA1-394C086A4485}.Debug|x64.ActiveCfg = Debug|Any CPU
		{FFFBB5DC-0118-49E8-BBA1-394C086A4485}.Debug|x64.Build.0 = Debug|Any CPU
		{FFFBB5DC-0118-49E8-BBA1-394C086A4485}.Debug|x86.ActiveCfg = Debug|Any CPU
		{FFFBB5DC-0118-49E8-BBA1-394C086A4485}.Debug|x86.Build.0 = Debug|Any CPU
		{FFFBB5DC-0118-49E8-BBA1-394C086A4485}.Release|Any CPU.ActiveCfg = Release|Any CPU
		{FFFBB5DC-0118-49E8-BBA1-394C086A4485}.Release|Any CPU.Build.0 = Release|Any CPU
		{FFFBB5DC-0118-49E8-BBA1-394C086A4485}.Release|x64.ActiveCfg = Release|Any CPU
		{FFFBB5DC-0118-49E8-BBA1-394C086A4485}.Release|x64.Build.0 = Release|Any CPU
		{FFFBB5DC-0118-49E8-BBA1-394C086A4485}.Release|x86.ActiveCfg = Release|Any CPU
		{FFFBB5DC-0118-49E8-BBA1-394C086A4485}.Release|x86.Build.0 = Release|Any CPU
		{B747AF05-4E00-44DD-8768-F6CDAE0196C6}.Debug|Any CPU.ActiveCfg = Debug|Any CPU
		{B747AF05-4E00-44DD-8768-F6CDAE0196C6}.Debug|Any CPU.Build.0 = Debug|Any CPU
		{B747AF05-4E00-44DD-8768-F6CDAE0196C6}.Debug|x64.ActiveCfg = Debug|Any CPU
		{B747AF05-4E00-44DD-8768-F6CDAE0196C6}.Debug|x64.Build.0 = Debug|Any CPU
		{B747AF05-4E00-44DD-8768-F6CDAE0196C6}.Debug|x86.ActiveCfg = Debug|Any CPU
		{B747AF05-4E00-44DD-8768-F6CDAE0196C6}.Debug|x86.Build.0 = Debug|Any CPU
		{B747AF05-4E00-44DD-8768-F6CDAE0196C6}.Release|Any CPU.ActiveCfg = Release|Any CPU
		{B747AF05-4E00-44DD-8768-F6CDAE0196C6}.Release|Any CPU.Build.0 = Release|Any CPU
		{B747AF05-4E00-44DD-8768-F6CDAE0196C6}.Release|x64.ActiveCfg = Release|Any CPU
		{B747AF05-4E00-44DD-8768-F6CDAE0196C6}.Release|x64.Build.0 = Release|Any CPU
		{B747AF05-4E00-44DD-8768-F6CDAE0196C6}.Release|x86.ActiveCfg = Release|Any CPU
		{B747AF05-4E00-44DD-8768-F6CDAE0196C6}.Release|x86.Build.0 = Release|Any CPU
		{BF570EBB-66B1-4030-8514-72F6E2F98466}.Debug|Any CPU.ActiveCfg = Debug|Any CPU
		{BF570EBB-66B1-4030-8514-72F6E2F98466}.Debug|Any CPU.Build.0 = Debug|Any CPU
		{BF570EBB-66B1-4030-8514-72F6E2F98466}.Debug|x64.ActiveCfg = Debug|Any CPU
		{BF570EBB-66B1-4030-8514-72F6E2F98466}.Debug|x64.Build.0 = Debug|Any CPU
		{BF570EBB-66B1-4030-8514-72F6E2F98466}.Debug|x86.ActiveCfg = Debug|Any CPU
		{BF570EBB-66B1-4030-8514-72F6E2F98466}.Debug|x86.Build.0 = Debug|Any CPU
		{BF570EBB-66B1-4030-8514-72F6E2F98466}.Release|Any CPU.ActiveCfg = Release|Any CPU
		{BF570EBB-66B1-4030-8514-72F6E2F98466}.Release|Any CPU.Build.0 = Release|Any CPU
		{BF570EBB-66B1-4030-8514-72F6E2F98466}.Release|x64.ActiveCfg = Release|Any CPU
		{BF570EBB-66B1-4030-8514-72F6E2F98466}.Release|x64.Build.0 = Release|Any CPU
		{BF570EBB-66B1-4030-8514-72F6E2F98466}.Release|x86.ActiveCfg = Release|Any CPU
		{BF570EBB-66B1-4030-8514-72F6E2F98466}.Release|x86.Build.0 = Release|Any CPU
		{DF68F190-F11C-4984-A26E-E863E33666F1}.Debug|Any CPU.ActiveCfg = Debug|Any CPU
		{DF68F190-F11C-4984-A26E-E863E33666F1}.Debug|Any CPU.Build.0 = Debug|Any CPU
		{DF68F190-F11C-4984-A26E-E863E33666F1}.Debug|x64.ActiveCfg = Debug|Any CPU
		{DF68F190-F11C-4984-A26E-E863E33666F1}.Debug|x64.Build.0 = Debug|Any CPU
		{DF68F190-F11C-4984-A26E-E863E33666F1}.Debug|x86.ActiveCfg = Debug|Any CPU
		{DF68F190-F11C-4984-A26E-E863E33666F1}.Debug|x86.Build.0 = Debug|Any CPU
		{DF68F190-F11C-4984-A26E-E863E33666F1}.Release|Any CPU.ActiveCfg = Release|Any CPU
		{DF68F190-F11C-4984-A26E-E863E33666F1}.Release|Any CPU.Build.0 = Release|Any CPU
		{DF68F190-F11C-4984-A26E-E863E33666F1}.Release|x64.ActiveCfg = Release|Any CPU
		{DF68F190-F11C-4984-A26E-E863E33666F1}.Release|x64.Build.0 = Release|Any CPU
		{DF68F190-F11C-4984-A26E-E863E33666F1}.Release|x86.ActiveCfg = Release|Any CPU
		{DF68F190-F11C-4984-A26E-E863E33666F1}.Release|x86.Build.0 = Release|Any CPU
		{AAFA7CDD-1B22-4ECD-94B5-AA24F45EC15A}.Debug|Any CPU.ActiveCfg = Debug|Any CPU
		{AAFA7CDD-1B22-4ECD-94B5-AA24F45EC15A}.Debug|Any CPU.Build.0 = Debug|Any CPU
		{AAFA7CDD-1B22-4ECD-94B5-AA24F45EC15A}.Debug|x64.ActiveCfg = Debug|Any CPU
		{AAFA7CDD-1B22-4ECD-94B5-AA24F45EC15A}.Debug|x64.Build.0 = Debug|Any CPU
		{AAFA7CDD-1B22-4ECD-94B5-AA24F45EC15A}.Debug|x86.ActiveCfg = Debug|Any CPU
		{AAFA7CDD-1B22-4ECD-94B5-AA24F45EC15A}.Debug|x86.Build.0 = Debug|Any CPU
		{AAFA7CDD-1B22-4ECD-94B5-AA24F45EC15A}.Release|Any CPU.ActiveCfg = Release|Any CPU
		{AAFA7CDD-1B22-4ECD-94B5-AA24F45EC15A}.Release|Any CPU.Build.0 = Release|Any CPU
		{AAFA7CDD-1B22-4ECD-94B5-AA24F45EC15A}.Release|x64.ActiveCfg = Release|Any CPU
		{AAFA7CDD-1B22-4ECD-94B5-AA24F45EC15A}.Release|x64.Build.0 = Release|Any CPU
		{AAFA7CDD-1B22-4ECD-94B5-AA24F45EC15A}.Release|x86.ActiveCfg = Release|Any CPU
		{AAFA7CDD-1B22-4ECD-94B5-AA24F45EC15A}.Release|x86.Build.0 = Release|Any CPU
		{4213B969-93FB-4E1A-9602-E0972FC09CB5}.Debug|Any CPU.ActiveCfg = Debug|Any CPU
		{4213B969-93FB-4E1A-9602-E0972FC09CB5}.Debug|Any CPU.Build.0 = Debug|Any CPU
		{4213B969-93FB-4E1A-9602-E0972FC09CB5}.Debug|x64.ActiveCfg = Debug|Any CPU
		{4213B969-93FB-4E1A-9602-E0972FC09CB5}.Debug|x64.Build.0 = Debug|Any CPU
		{4213B969-93FB-4E1A-9602-E0972FC09CB5}.Debug|x86.ActiveCfg = Debug|Any CPU
		{4213B969-93FB-4E1A-9602-E0972FC09CB5}.Debug|x86.Build.0 = Debug|Any CPU
		{4213B969-93FB-4E1A-9602-E0972FC09CB5}.Release|Any CPU.ActiveCfg = Release|Any CPU
		{4213B969-93FB-4E1A-9602-E0972FC09CB5}.Release|Any CPU.Build.0 = Release|Any CPU
		{4213B969-93FB-4E1A-9602-E0972FC09CB5}.Release|x64.ActiveCfg = Release|Any CPU
		{4213B969-93FB-4E1A-9602-E0972FC09CB5}.Release|x64.Build.0 = Release|Any CPU
		{4213B969-93FB-4E1A-9602-E0972FC09CB5}.Release|x86.ActiveCfg = Release|Any CPU
		{4213B969-93FB-4E1A-9602-E0972FC09CB5}.Release|x86.Build.0 = Release|Any CPU
		{A22BA1BB-1912-497B-A8DC-8DF99EB9F317}.Debug|Any CPU.ActiveCfg = Debug|Any CPU
		{A22BA1BB-1912-497B-A8DC-8DF99EB9F317}.Debug|Any CPU.Build.0 = Debug|Any CPU
		{A22BA1BB-1912-497B-A8DC-8DF99EB9F317}.Debug|x64.ActiveCfg = Debug|Any CPU
		{A22BA1BB-1912-497B-A8DC-8DF99EB9F317}.Debug|x64.Build.0 = Debug|Any CPU
		{A22BA1BB-1912-497B-A8DC-8DF99EB9F317}.Debug|x86.ActiveCfg = Debug|Any CPU
		{A22BA1BB-1912-497B-A8DC-8DF99EB9F317}.Debug|x86.Build.0 = Debug|Any CPU
		{A22BA1BB-1912-497B-A8DC-8DF99EB9F317}.Release|Any CPU.ActiveCfg = Release|Any CPU
		{A22BA1BB-1912-497B-A8DC-8DF99EB9F317}.Release|Any CPU.Build.0 = Release|Any CPU
		{A22BA1BB-1912-497B-A8DC-8DF99EB9F317}.Release|x64.ActiveCfg = Release|Any CPU
		{A22BA1BB-1912-497B-A8DC-8DF99EB9F317}.Release|x64.Build.0 = Release|Any CPU
		{A22BA1BB-1912-497B-A8DC-8DF99EB9F317}.Release|x86.ActiveCfg = Release|Any CPU
		{A22BA1BB-1912-497B-A8DC-8DF99EB9F317}.Release|x86.Build.0 = Release|Any CPU
		{E3FA6D31-E73D-4072-BC41-2E37E196EE83}.Debug|Any CPU.ActiveCfg = Debug|Any CPU
		{E3FA6D31-E73D-4072-BC41-2E37E196EE83}.Debug|Any CPU.Build.0 = Debug|Any CPU
		{E3FA6D31-E73D-4072-BC41-2E37E196EE83}.Debug|x64.ActiveCfg = Debug|Any CPU
		{E3FA6D31-E73D-4072-BC41-2E37E196EE83}.Debug|x64.Build.0 = Debug|Any CPU
		{E3FA6D31-E73D-4072-BC41-2E37E196EE83}.Debug|x86.ActiveCfg = Debug|Any CPU
		{E3FA6D31-E73D-4072-BC41-2E37E196EE83}.Debug|x86.Build.0 = Debug|Any CPU
		{E3FA6D31-E73D-4072-BC41-2E37E196EE83}.Release|Any CPU.ActiveCfg = Release|Any CPU
		{E3FA6D31-E73D-4072-BC41-2E37E196EE83}.Release|Any CPU.Build.0 = Release|Any CPU
		{E3FA6D31-E73D-4072-BC41-2E37E196EE83}.Release|x64.ActiveCfg = Release|Any CPU
		{E3FA6D31-E73D-4072-BC41-2E37E196EE83}.Release|x64.Build.0 = Release|Any CPU
		{E3FA6D31-E73D-4072-BC41-2E37E196EE83}.Release|x86.ActiveCfg = Release|Any CPU
		{E3FA6D31-E73D-4072-BC41-2E37E196EE83}.Release|x86.Build.0 = Release|Any CPU
		{8B9BCE24-F638-4BDE-90BC-F86EF9FB3BEA}.Debug|Any CPU.ActiveCfg = Debug|Any CPU
		{8B9BCE24-F638-4BDE-90BC-F86EF9FB3BEA}.Debug|Any CPU.Build.0 = Debug|Any CPU
		{8B9BCE24-F638-4BDE-90BC-F86EF9FB3BEA}.Debug|x64.ActiveCfg = Debug|Any CPU
		{8B9BCE24-F638-4BDE-90BC-F86EF9FB3BEA}.Debug|x64.Build.0 = Debug|Any CPU
		{8B9BCE24-F638-4BDE-90BC-F86EF9FB3BEA}.Debug|x86.ActiveCfg = Debug|Any CPU
		{8B9BCE24-F638-4BDE-90BC-F86EF9FB3BEA}.Debug|x86.Build.0 = Debug|Any CPU
		{8B9BCE24-F638-4BDE-90BC-F86EF9FB3BEA}.Release|Any CPU.ActiveCfg = Release|Any CPU
		{8B9BCE24-F638-4BDE-90BC-F86EF9FB3BEA}.Release|Any CPU.Build.0 = Release|Any CPU
		{8B9BCE24-F638-4BDE-90BC-F86EF9FB3BEA}.Release|x64.ActiveCfg = Release|Any CPU
		{8B9BCE24-F638-4BDE-90BC-F86EF9FB3BEA}.Release|x64.Build.0 = Release|Any CPU
		{8B9BCE24-F638-4BDE-90BC-F86EF9FB3BEA}.Release|x86.ActiveCfg = Release|Any CPU
		{8B9BCE24-F638-4BDE-90BC-F86EF9FB3BEA}.Release|x86.Build.0 = Release|Any CPU
		{7F794264-0A97-4665-A558-B48E8DD7F86B}.Debug|Any CPU.ActiveCfg = Debug|Any CPU
		{7F794264-0A97-4665-A558-B48E8DD7F86B}.Debug|Any CPU.Build.0 = Debug|Any CPU
		{7F794264-0A97-4665-A558-B48E8DD7F86B}.Debug|x64.ActiveCfg = Debug|Any CPU
		{7F794264-0A97-4665-A558-B48E8DD7F86B}.Debug|x64.Build.0 = Debug|Any CPU
		{7F794264-0A97-4665-A558-B48E8DD7F86B}.Debug|x86.ActiveCfg = Debug|Any CPU
		{7F794264-0A97-4665-A558-B48E8DD7F86B}.Debug|x86.Build.0 = Debug|Any CPU
		{7F794264-0A97-4665-A558-B48E8DD7F86B}.Release|Any CPU.ActiveCfg = Release|Any CPU
		{7F794264-0A97-4665-A558-B48E8DD7F86B}.Release|Any CPU.Build.0 = Release|Any CPU
		{7F794264-0A97-4665-A558-B48E8DD7F86B}.Release|x64.ActiveCfg = Release|Any CPU
		{7F794264-0A97-4665-A558-B48E8DD7F86B}.Release|x64.Build.0 = Release|Any CPU
		{7F794264-0A97-4665-A558-B48E8DD7F86B}.Release|x86.ActiveCfg = Release|Any CPU
		{7F794264-0A97-4665-A558-B48E8DD7F86B}.Release|x86.Build.0 = Release|Any CPU
		{7C0EB2A5-F6CD-40FC-A282-92183394858B}.Debug|Any CPU.ActiveCfg = Debug|Any CPU
		{7C0EB2A5-F6CD-40FC-A282-92183394858B}.Debug|Any CPU.Build.0 = Debug|Any CPU
		{7C0EB2A5-F6CD-40FC-A282-92183394858B}.Debug|x64.ActiveCfg = Debug|Any CPU
		{7C0EB2A5-F6CD-40FC-A282-92183394858B}.Debug|x64.Build.0 = Debug|Any CPU
		{7C0EB2A5-F6CD-40FC-A282-92183394858B}.Debug|x86.ActiveCfg = Debug|Any CPU
		{7C0EB2A5-F6CD-40FC-A282-92183394858B}.Debug|x86.Build.0 = Debug|Any CPU
		{7C0EB2A5-F6CD-40FC-A282-92183394858B}.Release|Any CPU.ActiveCfg = Release|Any CPU
		{7C0EB2A5-F6CD-40FC-A282-92183394858B}.Release|Any CPU.Build.0 = Release|Any CPU
		{7C0EB2A5-F6CD-40FC-A282-92183394858B}.Release|x64.ActiveCfg = Release|Any CPU
		{7C0EB2A5-F6CD-40FC-A282-92183394858B}.Release|x64.Build.0 = Release|Any CPU
		{7C0EB2A5-F6CD-40FC-A282-92183394858B}.Release|x86.ActiveCfg = Release|Any CPU
		{7C0EB2A5-F6CD-40FC-A282-92183394858B}.Release|x86.Build.0 = Release|Any CPU
		{C995FF86-74BC-4245-B113-19CEE0B309CE}.Debug|Any CPU.ActiveCfg = Debug|Any CPU
		{C995FF86-74BC-4245-B113-19CEE0B309CE}.Debug|Any CPU.Build.0 = Debug|Any CPU
		{C995FF86-74BC-4245-B113-19CEE0B309CE}.Debug|x64.ActiveCfg = Debug|Any CPU
		{C995FF86-74BC-4245-B113-19CEE0B309CE}.Debug|x64.Build.0 = Debug|Any CPU
		{C995FF86-74BC-4245-B113-19CEE0B309CE}.Debug|x86.ActiveCfg = Debug|Any CPU
		{C995FF86-74BC-4245-B113-19CEE0B309CE}.Debug|x86.Build.0 = Debug|Any CPU
		{C995FF86-74BC-4245-B113-19CEE0B309CE}.Release|Any CPU.ActiveCfg = Release|Any CPU
		{C995FF86-74BC-4245-B113-19CEE0B309CE}.Release|Any CPU.Build.0 = Release|Any CPU
		{C995FF86-74BC-4245-B113-19CEE0B309CE}.Release|x64.ActiveCfg = Release|Any CPU
		{C995FF86-74BC-4245-B113-19CEE0B309CE}.Release|x64.Build.0 = Release|Any CPU
		{C995FF86-74BC-4245-B113-19CEE0B309CE}.Release|x86.ActiveCfg = Release|Any CPU
		{C995FF86-74BC-4245-B113-19CEE0B309CE}.Release|x86.Build.0 = Release|Any CPU
		{AA6F7D66-2EEA-4276-87D6-8297F4E3F412}.Debug|Any CPU.ActiveCfg = Debug|Any CPU
		{AA6F7D66-2EEA-4276-87D6-8297F4E3F412}.Debug|Any CPU.Build.0 = Debug|Any CPU
		{AA6F7D66-2EEA-4276-87D6-8297F4E3F412}.Debug|x64.ActiveCfg = Debug|Any CPU
		{AA6F7D66-2EEA-4276-87D6-8297F4E3F412}.Debug|x64.Build.0 = Debug|Any CPU
		{AA6F7D66-2EEA-4276-87D6-8297F4E3F412}.Debug|x86.ActiveCfg = Debug|Any CPU
		{AA6F7D66-2EEA-4276-87D6-8297F4E3F412}.Debug|x86.Build.0 = Debug|Any CPU
		{AA6F7D66-2EEA-4276-87D6-8297F4E3F412}.Release|Any CPU.ActiveCfg = Release|Any CPU
		{AA6F7D66-2EEA-4276-87D6-8297F4E3F412}.Release|Any CPU.Build.0 = Release|Any CPU
		{AA6F7D66-2EEA-4276-87D6-8297F4E3F412}.Release|x64.ActiveCfg = Release|Any CPU
		{AA6F7D66-2EEA-4276-87D6-8297F4E3F412}.Release|x64.Build.0 = Release|Any CPU
		{AA6F7D66-2EEA-4276-87D6-8297F4E3F412}.Release|x86.ActiveCfg = Release|Any CPU
		{AA6F7D66-2EEA-4276-87D6-8297F4E3F412}.Release|x86.Build.0 = Release|Any CPU
		{34BB254A-F3D4-468C-A166-8A85C3ACC97E}.Debug|Any CPU.ActiveCfg = Debug|Any CPU
		{34BB254A-F3D4-468C-A166-8A85C3ACC97E}.Debug|Any CPU.Build.0 = Debug|Any CPU
		{34BB254A-F3D4-468C-A166-8A85C3ACC97E}.Debug|x64.ActiveCfg = Debug|Any CPU
		{34BB254A-F3D4-468C-A166-8A85C3ACC97E}.Debug|x64.Build.0 = Debug|Any CPU
		{34BB254A-F3D4-468C-A166-8A85C3ACC97E}.Debug|x86.ActiveCfg = Debug|Any CPU
		{34BB254A-F3D4-468C-A166-8A85C3ACC97E}.Debug|x86.Build.0 = Debug|Any CPU
		{34BB254A-F3D4-468C-A166-8A85C3ACC97E}.Release|Any CPU.ActiveCfg = Release|Any CPU
		{34BB254A-F3D4-468C-A166-8A85C3ACC97E}.Release|Any CPU.Build.0 = Release|Any CPU
		{34BB254A-F3D4-468C-A166-8A85C3ACC97E}.Release|x64.ActiveCfg = Release|Any CPU
		{34BB254A-F3D4-468C-A166-8A85C3ACC97E}.Release|x64.Build.0 = Release|Any CPU
		{34BB254A-F3D4-468C-A166-8A85C3ACC97E}.Release|x86.ActiveCfg = Release|Any CPU
		{34BB254A-F3D4-468C-A166-8A85C3ACC97E}.Release|x86.Build.0 = Release|Any CPU
		{1896F06F-3D89-4197-8C0D-63D610C08B8A}.Debug|Any CPU.ActiveCfg = Debug|Any CPU
		{1896F06F-3D89-4197-8C0D-63D610C08B8A}.Debug|Any CPU.Build.0 = Debug|Any CPU
		{1896F06F-3D89-4197-8C0D-63D610C08B8A}.Debug|x64.ActiveCfg = Debug|Any CPU
		{1896F06F-3D89-4197-8C0D-63D610C08B8A}.Debug|x64.Build.0 = Debug|Any CPU
		{1896F06F-3D89-4197-8C0D-63D610C08B8A}.Debug|x86.ActiveCfg = Debug|Any CPU
		{1896F06F-3D89-4197-8C0D-63D610C08B8A}.Debug|x86.Build.0 = Debug|Any CPU
		{1896F06F-3D89-4197-8C0D-63D610C08B8A}.Release|Any CPU.ActiveCfg = Release|Any CPU
		{1896F06F-3D89-4197-8C0D-63D610C08B8A}.Release|Any CPU.Build.0 = Release|Any CPU
		{1896F06F-3D89-4197-8C0D-63D610C08B8A}.Release|x64.ActiveCfg = Release|Any CPU
		{1896F06F-3D89-4197-8C0D-63D610C08B8A}.Release|x64.Build.0 = Release|Any CPU
		{1896F06F-3D89-4197-8C0D-63D610C08B8A}.Release|x86.ActiveCfg = Release|Any CPU
		{1896F06F-3D89-4197-8C0D-63D610C08B8A}.Release|x86.Build.0 = Release|Any CPU
		{B1AE66DB-A688-4079-AABF-42CBE3EEB280}.Debug|Any CPU.ActiveCfg = Debug|Any CPU
		{B1AE66DB-A688-4079-AABF-42CBE3EEB280}.Debug|Any CPU.Build.0 = Debug|Any CPU
		{B1AE66DB-A688-4079-AABF-42CBE3EEB280}.Debug|x64.ActiveCfg = Debug|Any CPU
		{B1AE66DB-A688-4079-AABF-42CBE3EEB280}.Debug|x64.Build.0 = Debug|Any CPU
		{B1AE66DB-A688-4079-AABF-42CBE3EEB280}.Debug|x86.ActiveCfg = Debug|Any CPU
		{B1AE66DB-A688-4079-AABF-42CBE3EEB280}.Debug|x86.Build.0 = Debug|Any CPU
		{B1AE66DB-A688-4079-AABF-42CBE3EEB280}.Release|Any CPU.ActiveCfg = Release|Any CPU
		{B1AE66DB-A688-4079-AABF-42CBE3EEB280}.Release|Any CPU.Build.0 = Release|Any CPU
		{B1AE66DB-A688-4079-AABF-42CBE3EEB280}.Release|x64.ActiveCfg = Release|Any CPU
		{B1AE66DB-A688-4079-AABF-42CBE3EEB280}.Release|x64.Build.0 = Release|Any CPU
		{B1AE66DB-A688-4079-AABF-42CBE3EEB280}.Release|x86.ActiveCfg = Release|Any CPU
		{B1AE66DB-A688-4079-AABF-42CBE3EEB280}.Release|x86.Build.0 = Release|Any CPU
		{01D4D4B6-07D7-480F-ABA5-ECD5CE74F2FC}.Debug|Any CPU.ActiveCfg = Debug|Any CPU
		{01D4D4B6-07D7-480F-ABA5-ECD5CE74F2FC}.Debug|Any CPU.Build.0 = Debug|Any CPU
		{01D4D4B6-07D7-480F-ABA5-ECD5CE74F2FC}.Debug|x64.ActiveCfg = Debug|Any CPU
		{01D4D4B6-07D7-480F-ABA5-ECD5CE74F2FC}.Debug|x64.Build.0 = Debug|Any CPU
		{01D4D4B6-07D7-480F-ABA5-ECD5CE74F2FC}.Debug|x86.ActiveCfg = Debug|Any CPU
		{01D4D4B6-07D7-480F-ABA5-ECD5CE74F2FC}.Debug|x86.Build.0 = Debug|Any CPU
		{01D4D4B6-07D7-480F-ABA5-ECD5CE74F2FC}.Release|Any CPU.ActiveCfg = Release|Any CPU
		{01D4D4B6-07D7-480F-ABA5-ECD5CE74F2FC}.Release|Any CPU.Build.0 = Release|Any CPU
		{01D4D4B6-07D7-480F-ABA5-ECD5CE74F2FC}.Release|x64.ActiveCfg = Release|Any CPU
		{01D4D4B6-07D7-480F-ABA5-ECD5CE74F2FC}.Release|x64.Build.0 = Release|Any CPU
		{01D4D4B6-07D7-480F-ABA5-ECD5CE74F2FC}.Release|x86.ActiveCfg = Release|Any CPU
		{01D4D4B6-07D7-480F-ABA5-ECD5CE74F2FC}.Release|x86.Build.0 = Release|Any CPU
		{48C3B7C3-57AA-411F-A43E-B2924F4F0225}.Debug|Any CPU.ActiveCfg = Debug|Any CPU
		{48C3B7C3-57AA-411F-A43E-B2924F4F0225}.Debug|Any CPU.Build.0 = Debug|Any CPU
		{48C3B7C3-57AA-411F-A43E-B2924F4F0225}.Debug|x64.ActiveCfg = Debug|Any CPU
		{48C3B7C3-57AA-411F-A43E-B2924F4F0225}.Debug|x64.Build.0 = Debug|Any CPU
		{48C3B7C3-57AA-411F-A43E-B2924F4F0225}.Debug|x86.ActiveCfg = Debug|Any CPU
		{48C3B7C3-57AA-411F-A43E-B2924F4F0225}.Debug|x86.Build.0 = Debug|Any CPU
		{48C3B7C3-57AA-411F-A43E-B2924F4F0225}.Release|Any CPU.ActiveCfg = Release|Any CPU
		{48C3B7C3-57AA-411F-A43E-B2924F4F0225}.Release|Any CPU.Build.0 = Release|Any CPU
		{48C3B7C3-57AA-411F-A43E-B2924F4F0225}.Release|x64.ActiveCfg = Release|Any CPU
		{48C3B7C3-57AA-411F-A43E-B2924F4F0225}.Release|x64.Build.0 = Release|Any CPU
		{48C3B7C3-57AA-411F-A43E-B2924F4F0225}.Release|x86.ActiveCfg = Release|Any CPU
		{48C3B7C3-57AA-411F-A43E-B2924F4F0225}.Release|x86.Build.0 = Release|Any CPU
		{855C6D8C-CFBB-4834-9ABC-AED5E3F8E12B}.Debug|Any CPU.ActiveCfg = Debug|Any CPU
		{855C6D8C-CFBB-4834-9ABC-AED5E3F8E12B}.Debug|Any CPU.Build.0 = Debug|Any CPU
		{855C6D8C-CFBB-4834-9ABC-AED5E3F8E12B}.Debug|x64.ActiveCfg = Debug|Any CPU
		{855C6D8C-CFBB-4834-9ABC-AED5E3F8E12B}.Debug|x64.Build.0 = Debug|Any CPU
		{855C6D8C-CFBB-4834-9ABC-AED5E3F8E12B}.Debug|x86.ActiveCfg = Debug|Any CPU
		{855C6D8C-CFBB-4834-9ABC-AED5E3F8E12B}.Debug|x86.Build.0 = Debug|Any CPU
		{855C6D8C-CFBB-4834-9ABC-AED5E3F8E12B}.Release|Any CPU.ActiveCfg = Release|Any CPU
		{855C6D8C-CFBB-4834-9ABC-AED5E3F8E12B}.Release|Any CPU.Build.0 = Release|Any CPU
		{855C6D8C-CFBB-4834-9ABC-AED5E3F8E12B}.Release|x64.ActiveCfg = Release|Any CPU
		{855C6D8C-CFBB-4834-9ABC-AED5E3F8E12B}.Release|x64.Build.0 = Release|Any CPU
		{855C6D8C-CFBB-4834-9ABC-AED5E3F8E12B}.Release|x86.ActiveCfg = Release|Any CPU
		{855C6D8C-CFBB-4834-9ABC-AED5E3F8E12B}.Release|x86.Build.0 = Release|Any CPU
		{9084334F-DB01-45E5-86A2-0FBB10CB58B8}.Debug|Any CPU.ActiveCfg = Debug|Any CPU
		{9084334F-DB01-45E5-86A2-0FBB10CB58B8}.Debug|Any CPU.Build.0 = Debug|Any CPU
		{9084334F-DB01-45E5-86A2-0FBB10CB58B8}.Debug|x64.ActiveCfg = Debug|Any CPU
		{9084334F-DB01-45E5-86A2-0FBB10CB58B8}.Debug|x64.Build.0 = Debug|Any CPU
		{9084334F-DB01-45E5-86A2-0FBB10CB58B8}.Debug|x86.ActiveCfg = Debug|Any CPU
		{9084334F-DB01-45E5-86A2-0FBB10CB58B8}.Debug|x86.Build.0 = Debug|Any CPU
		{9084334F-DB01-45E5-86A2-0FBB10CB58B8}.Release|Any CPU.ActiveCfg = Release|Any CPU
		{9084334F-DB01-45E5-86A2-0FBB10CB58B8}.Release|Any CPU.Build.0 = Release|Any CPU
		{9084334F-DB01-45E5-86A2-0FBB10CB58B8}.Release|x64.ActiveCfg = Release|Any CPU
		{9084334F-DB01-45E5-86A2-0FBB10CB58B8}.Release|x64.Build.0 = Release|Any CPU
		{9084334F-DB01-45E5-86A2-0FBB10CB58B8}.Release|x86.ActiveCfg = Release|Any CPU
		{9084334F-DB01-45E5-86A2-0FBB10CB58B8}.Release|x86.Build.0 = Release|Any CPU
		{E1F928A3-63F6-4188-B9EC-A5E68286C2FD}.Debug|Any CPU.ActiveCfg = Debug|Any CPU
		{E1F928A3-63F6-4188-B9EC-A5E68286C2FD}.Debug|Any CPU.Build.0 = Debug|Any CPU
		{E1F928A3-63F6-4188-B9EC-A5E68286C2FD}.Debug|x64.ActiveCfg = Debug|Any CPU
		{E1F928A3-63F6-4188-B9EC-A5E68286C2FD}.Debug|x64.Build.0 = Debug|Any CPU
		{E1F928A3-63F6-4188-B9EC-A5E68286C2FD}.Debug|x86.ActiveCfg = Debug|Any CPU
		{E1F928A3-63F6-4188-B9EC-A5E68286C2FD}.Debug|x86.Build.0 = Debug|Any CPU
		{E1F928A3-63F6-4188-B9EC-A5E68286C2FD}.Release|Any CPU.ActiveCfg = Release|Any CPU
		{E1F928A3-63F6-4188-B9EC-A5E68286C2FD}.Release|Any CPU.Build.0 = Release|Any CPU
		{E1F928A3-63F6-4188-B9EC-A5E68286C2FD}.Release|x64.ActiveCfg = Release|Any CPU
		{E1F928A3-63F6-4188-B9EC-A5E68286C2FD}.Release|x64.Build.0 = Release|Any CPU
		{E1F928A3-63F6-4188-B9EC-A5E68286C2FD}.Release|x86.ActiveCfg = Release|Any CPU
		{E1F928A3-63F6-4188-B9EC-A5E68286C2FD}.Release|x86.Build.0 = Release|Any CPU
		{BB962D5B-3F27-4472-BCAC-2B9F8431CAEA}.Debug|Any CPU.ActiveCfg = Debug|Any CPU
		{BB962D5B-3F27-4472-BCAC-2B9F8431CAEA}.Debug|Any CPU.Build.0 = Debug|Any CPU
		{BB962D5B-3F27-4472-BCAC-2B9F8431CAEA}.Debug|x64.ActiveCfg = Debug|Any CPU
		{BB962D5B-3F27-4472-BCAC-2B9F8431CAEA}.Debug|x64.Build.0 = Debug|Any CPU
		{BB962D5B-3F27-4472-BCAC-2B9F8431CAEA}.Debug|x86.ActiveCfg = Debug|Any CPU
		{BB962D5B-3F27-4472-BCAC-2B9F8431CAEA}.Debug|x86.Build.0 = Debug|Any CPU
		{BB962D5B-3F27-4472-BCAC-2B9F8431CAEA}.Release|Any CPU.ActiveCfg = Release|Any CPU
		{BB962D5B-3F27-4472-BCAC-2B9F8431CAEA}.Release|Any CPU.Build.0 = Release|Any CPU
		{BB962D5B-3F27-4472-BCAC-2B9F8431CAEA}.Release|x64.ActiveCfg = Release|Any CPU
		{BB962D5B-3F27-4472-BCAC-2B9F8431CAEA}.Release|x64.Build.0 = Release|Any CPU
		{BB962D5B-3F27-4472-BCAC-2B9F8431CAEA}.Release|x86.ActiveCfg = Release|Any CPU
		{BB962D5B-3F27-4472-BCAC-2B9F8431CAEA}.Release|x86.Build.0 = Release|Any CPU
		{DA9EC4B6-4C69-4DD8-8EAC-1A6504D11E65}.Debug|Any CPU.ActiveCfg = Debug|Any CPU
		{DA9EC4B6-4C69-4DD8-8EAC-1A6504D11E65}.Debug|Any CPU.Build.0 = Debug|Any CPU
		{DA9EC4B6-4C69-4DD8-8EAC-1A6504D11E65}.Debug|x64.ActiveCfg = Debug|Any CPU
		{DA9EC4B6-4C69-4DD8-8EAC-1A6504D11E65}.Debug|x64.Build.0 = Debug|Any CPU
		{DA9EC4B6-4C69-4DD8-8EAC-1A6504D11E65}.Debug|x86.ActiveCfg = Debug|Any CPU
		{DA9EC4B6-4C69-4DD8-8EAC-1A6504D11E65}.Debug|x86.Build.0 = Debug|Any CPU
		{DA9EC4B6-4C69-4DD8-8EAC-1A6504D11E65}.Release|Any CPU.ActiveCfg = Release|Any CPU
		{DA9EC4B6-4C69-4DD8-8EAC-1A6504D11E65}.Release|Any CPU.Build.0 = Release|Any CPU
		{DA9EC4B6-4C69-4DD8-8EAC-1A6504D11E65}.Release|x64.ActiveCfg = Release|Any CPU
		{DA9EC4B6-4C69-4DD8-8EAC-1A6504D11E65}.Release|x64.Build.0 = Release|Any CPU
		{DA9EC4B6-4C69-4DD8-8EAC-1A6504D11E65}.Release|x86.ActiveCfg = Release|Any CPU
		{DA9EC4B6-4C69-4DD8-8EAC-1A6504D11E65}.Release|x86.Build.0 = Release|Any CPU
		{80F0B973-6C9F-4198-A234-49D369B5AB98}.Debug|Any CPU.ActiveCfg = Debug|Any CPU
		{80F0B973-6C9F-4198-A234-49D369B5AB98}.Debug|Any CPU.Build.0 = Debug|Any CPU
		{80F0B973-6C9F-4198-A234-49D369B5AB98}.Debug|x64.ActiveCfg = Debug|Any CPU
		{80F0B973-6C9F-4198-A234-49D369B5AB98}.Debug|x64.Build.0 = Debug|Any CPU
		{80F0B973-6C9F-4198-A234-49D369B5AB98}.Debug|x86.ActiveCfg = Debug|Any CPU
		{80F0B973-6C9F-4198-A234-49D369B5AB98}.Debug|x86.Build.0 = Debug|Any CPU
		{80F0B973-6C9F-4198-A234-49D369B5AB98}.Release|Any CPU.ActiveCfg = Release|Any CPU
		{80F0B973-6C9F-4198-A234-49D369B5AB98}.Release|Any CPU.Build.0 = Release|Any CPU
		{80F0B973-6C9F-4198-A234-49D369B5AB98}.Release|x64.ActiveCfg = Release|Any CPU
		{80F0B973-6C9F-4198-A234-49D369B5AB98}.Release|x64.Build.0 = Release|Any CPU
		{80F0B973-6C9F-4198-A234-49D369B5AB98}.Release|x86.ActiveCfg = Release|Any CPU
		{80F0B973-6C9F-4198-A234-49D369B5AB98}.Release|x86.Build.0 = Release|Any CPU
		{F988579F-2364-44C4-8FB9-04A131607A33}.Debug|Any CPU.ActiveCfg = Debug|Any CPU
		{F988579F-2364-44C4-8FB9-04A131607A33}.Debug|Any CPU.Build.0 = Debug|Any CPU
		{F988579F-2364-44C4-8FB9-04A131607A33}.Debug|x64.ActiveCfg = Debug|Any CPU
		{F988579F-2364-44C4-8FB9-04A131607A33}.Debug|x64.Build.0 = Debug|Any CPU
		{F988579F-2364-44C4-8FB9-04A131607A33}.Debug|x86.ActiveCfg = Debug|Any CPU
		{F988579F-2364-44C4-8FB9-04A131607A33}.Debug|x86.Build.0 = Debug|Any CPU
		{F988579F-2364-44C4-8FB9-04A131607A33}.Release|Any CPU.ActiveCfg = Release|Any CPU
		{F988579F-2364-44C4-8FB9-04A131607A33}.Release|Any CPU.Build.0 = Release|Any CPU
		{F988579F-2364-44C4-8FB9-04A131607A33}.Release|x64.ActiveCfg = Release|Any CPU
		{F988579F-2364-44C4-8FB9-04A131607A33}.Release|x64.Build.0 = Release|Any CPU
		{F988579F-2364-44C4-8FB9-04A131607A33}.Release|x86.ActiveCfg = Release|Any CPU
		{F988579F-2364-44C4-8FB9-04A131607A33}.Release|x86.Build.0 = Release|Any CPU
		{43F850BB-657E-4D08-A294-AE675490E4EA}.Debug|Any CPU.ActiveCfg = Debug|Any CPU
		{43F850BB-657E-4D08-A294-AE675490E4EA}.Debug|Any CPU.Build.0 = Debug|Any CPU
		{43F850BB-657E-4D08-A294-AE675490E4EA}.Debug|x64.ActiveCfg = Debug|Any CPU
		{43F850BB-657E-4D08-A294-AE675490E4EA}.Debug|x64.Build.0 = Debug|Any CPU
		{43F850BB-657E-4D08-A294-AE675490E4EA}.Debug|x86.ActiveCfg = Debug|Any CPU
		{43F850BB-657E-4D08-A294-AE675490E4EA}.Debug|x86.Build.0 = Debug|Any CPU
		{43F850BB-657E-4D08-A294-AE675490E4EA}.Release|Any CPU.ActiveCfg = Release|Any CPU
		{43F850BB-657E-4D08-A294-AE675490E4EA}.Release|Any CPU.Build.0 = Release|Any CPU
		{43F850BB-657E-4D08-A294-AE675490E4EA}.Release|x64.ActiveCfg = Release|Any CPU
		{43F850BB-657E-4D08-A294-AE675490E4EA}.Release|x64.Build.0 = Release|Any CPU
		{43F850BB-657E-4D08-A294-AE675490E4EA}.Release|x86.ActiveCfg = Release|Any CPU
		{43F850BB-657E-4D08-A294-AE675490E4EA}.Release|x86.Build.0 = Release|Any CPU
	EndGlobalSection
	GlobalSection(SolutionProperties) = preSolution
		HideSolutionNode = FALSE
	EndGlobalSection
	GlobalSection(NestedProjects) = preSolution
		{B4799E35-1392-3D19-B093-1D8B3AEA364E} = {827E0CD3-B72D-47B6-A68D-7590B98EB39B}
		{C77F2F07-1300-4A9A-A079-28614C14694E} = {B4799E35-1392-3D19-B093-1D8B3AEA364E}
		{F8B0FD41-D05B-42F5-B61A-80A6001B779D} = {B4799E35-1392-3D19-B093-1D8B3AEA364E}
		{626F1982-241B-408A-967A-C8E57BEA0247} = {B4799E35-1392-3D19-B093-1D8B3AEA364E}
		{01B404FD-8FE3-430C-9A6E-B71D5652D367} = {B4799E35-1392-3D19-B093-1D8B3AEA364E}
		{3ACD26AC-3B0F-4426-A48C-D72FC0EA500F} = {B4799E35-1392-3D19-B093-1D8B3AEA364E}
		{BC00E29B-BDF2-402B-92F0-D94839F01570} = {B4799E35-1392-3D19-B093-1D8B3AEA364E}
		{C2EE3737-5142-B956-9C20-CDFF4F1D482D} = {827E0CD3-B72D-47B6-A68D-7590B98EB39B}
		{A2341330-3827-41D0-8F50-A3FACA7CEEFE} = {C2EE3737-5142-B956-9C20-CDFF4F1D482D}
		{B8A3E922-9FAA-4FD4-B5C6-37BE477DCEB2} = {C2EE3737-5142-B956-9C20-CDFF4F1D482D}
		{8791A4F4-2477-4DC5-9289-130583585584} = {C2EE3737-5142-B956-9C20-CDFF4F1D482D}
		{6CF3CE1A-483E-44F3-9332-A3CAFBA23675} = {C2EE3737-5142-B956-9C20-CDFF4F1D482D}
		{BE5078E1-D319-483C-A992-0B9BBEAA5DDF} = {C2EE3737-5142-B956-9C20-CDFF4F1D482D}
		{CF662D34-7A3E-D6E1-D145-FC0020051A4D} = {827E0CD3-B72D-47B6-A68D-7590B98EB39B}
		{95A98C3A-7E25-4408-A492-6BF3FAB4A69D} = {CF662D34-7A3E-D6E1-D145-FC0020051A4D}
		{2180359A-3056-44E5-BDE4-C1E93D173B05} = {CF662D34-7A3E-D6E1-D145-FC0020051A4D}
		{4FFB7F19-DC6A-4C1D-8C99-421548257A5B} = {CF662D34-7A3E-D6E1-D145-FC0020051A4D}
		{AB4A569E-647E-41FB-B2AB-B93AA0F4BCAC} = {CF662D34-7A3E-D6E1-D145-FC0020051A4D}
		{BFF2DF6E-AA54-47C7-211F-79ACCBB4577C} = {827E0CD3-B72D-47B6-A68D-7590B98EB39B}
		{2E7118AD-27D6-486C-8017-9B2D6EAE609B} = {BFF2DF6E-AA54-47C7-211F-79ACCBB4577C}
		{E0D98622-1880-4376-B6A3-4339399C3722} = {CF662D34-7A3E-D6E1-D145-FC0020051A4D}
		{1D4EBB90-25EC-4A41-B340-72A67C2ACE5B} = {BFF2DF6E-AA54-47C7-211F-79ACCBB4577C}
		{B59AE489-0DCC-2FDB-02B0-0D6E4D342873} = {0AB3BF05-4346-4AA6-1389-037BE0695223}
		{7A5BB9D2-2162-4694-8273-F126664EBAF9} = {B59AE489-0DCC-2FDB-02B0-0D6E4D342873}
		{A50490F8-42DB-477F-9C5D-0F6284818C10} = {B59AE489-0DCC-2FDB-02B0-0D6E4D342873}
		{350BC6C5-0310-487C-AF41-9614CDA52B94} = {B59AE489-0DCC-2FDB-02B0-0D6E4D342873}
		{C6F4C054-4DDD-4919-9EEA-CF1811D3039F} = {B59AE489-0DCC-2FDB-02B0-0D6E4D342873}
		{E20385C6-4CD7-5BF4-C007-71E5EE00BC8D} = {0AB3BF05-4346-4AA6-1389-037BE0695223}
		{989170E5-ED1D-4BD0-84E0-18BA1CD50BE0} = {E20385C6-4CD7-5BF4-C007-71E5EE00BC8D}
		{0BDA2F3E-5A6B-47D5-806F-CC05FE07B1F2} = {8C9051AB-42BD-30FF-B886-2FFC90188484}
		{7B2DFCC8-5E2F-A42A-0114-8A37271C3FE1} = {0AB3BF05-4346-4AA6-1389-037BE0695223}
		{FFFBB5DC-0118-49E8-BBA1-394C086A4485} = {7B2DFCC8-5E2F-A42A-0114-8A37271C3FE1}
		{B747AF05-4E00-44DD-8768-F6CDAE0196C6} = {7B2DFCC8-5E2F-A42A-0114-8A37271C3FE1}
		{BF570EBB-66B1-4030-8514-72F6E2F98466} = {8C9051AB-42BD-30FF-B886-2FFC90188484}
		{68C1B8A1-0A0E-BA6F-84FC-56DF13E910AD} = {0AB3BF05-4346-4AA6-1389-037BE0695223}
		{DF68F190-F11C-4984-A26E-E863E33666F1} = {68C1B8A1-0A0E-BA6F-84FC-56DF13E910AD}
		{AAFA7CDD-1B22-4ECD-94B5-AA24F45EC15A} = {68C1B8A1-0A0E-BA6F-84FC-56DF13E910AD}
		{4213B969-93FB-4E1A-9602-E0972FC09CB5} = {8C9051AB-42BD-30FF-B886-2FFC90188484}
		{7FFFF658-2422-F3EA-BB17-90756A8CAD09} = {0AB3BF05-4346-4AA6-1389-037BE0695223}
		{A22BA1BB-1912-497B-A8DC-8DF99EB9F317} = {7FFFF658-2422-F3EA-BB17-90756A8CAD09}
		{E3FA6D31-E73D-4072-BC41-2E37E196EE83} = {7B2DFCC8-5E2F-A42A-0114-8A37271C3FE1}
		{8B9BCE24-F638-4BDE-90BC-F86EF9FB3BEA} = {7B2DFCC8-5E2F-A42A-0114-8A37271C3FE1}
		{16E24A72-F3FF-E315-9139-C8507356A570} = {0AB3BF05-4346-4AA6-1389-037BE0695223}
		{7F794264-0A97-4665-A558-B48E8DD7F86B} = {16E24A72-F3FF-E315-9139-C8507356A570}
		{7C0EB2A5-F6CD-40FC-A282-92183394858B} = {16E24A72-F3FF-E315-9139-C8507356A570}
		{B5512AA7-7B9B-1802-74DB-5DED17EB80F5} = {827E0CD3-B72D-47B6-A68D-7590B98EB39B}
		{C995FF86-74BC-4245-B113-19CEE0B309CE} = {8C9051AB-42BD-30FF-B886-2FFC90188484}
		{AA6F7D66-2EEA-4276-87D6-8297F4E3F412} = {B5512AA7-7B9B-1802-74DB-5DED17EB80F5}
		{34BB254A-F3D4-468C-A166-8A85C3ACC97E} = {B5512AA7-7B9B-1802-74DB-5DED17EB80F5}
		{C1380FF7-C7EE-E4B8-F063-FD2A9F2635DA} = {0AB3BF05-4346-4AA6-1389-037BE0695223}
		{1896F06F-3D89-4197-8C0D-63D610C08B8A} = {C1380FF7-C7EE-E4B8-F063-FD2A9F2635DA}
		{B1AE66DB-A688-4079-AABF-42CBE3EEB280} = {C1380FF7-C7EE-E4B8-F063-FD2A9F2635DA}
		{7543EF87-2A12-D9F5-3A53-948826DFDDD9} = {827E0CD3-B72D-47B6-A68D-7590B98EB39B}
		{01D4D4B6-07D7-480F-ABA5-ECD5CE74F2FC} = {7543EF87-2A12-D9F5-3A53-948826DFDDD9}
		{48C3B7C3-57AA-411F-A43E-B2924F4F0225} = {7543EF87-2A12-D9F5-3A53-948826DFDDD9}
		{855C6D8C-CFBB-4834-9ABC-AED5E3F8E12B} = {7543EF87-2A12-D9F5-3A53-948826DFDDD9}
		{9084334F-DB01-45E5-86A2-0FBB10CB58B8} = {7543EF87-2A12-D9F5-3A53-948826DFDDD9}
		{E1F928A3-63F6-4188-B9EC-A5E68286C2FD} = {7543EF87-2A12-D9F5-3A53-948826DFDDD9}
		{060B4AA3-ACCD-6747-B75F-5F2378AD037D} = {0AB3BF05-4346-4AA6-1389-037BE0695223}
		{DA9EC4B6-4C69-4DD8-8EAC-1A6504D11E65} = {060B4AA3-ACCD-6747-B75F-5F2378AD037D}
		{80F0B973-6C9F-4198-A234-49D369B5AB98} = {060B4AA3-ACCD-6747-B75F-5F2378AD037D}
		{F988579F-2364-44C4-8FB9-04A131607A33} = {060B4AA3-ACCD-6747-B75F-5F2378AD037D}
		{43F850BB-657E-4D08-A294-AE675490E4EA} = {060B4AA3-ACCD-6747-B75F-5F2378AD037D}
		{BB962D5B-3F27-4472-BCAC-2B9F8431CAEA} = {8C9051AB-42BD-30FF-B886-2FFC90188484}
	EndGlobalSection
EndGlobal
